// !$*UTF8*$!
{
	archiveVersion = 1;
	classes = {
	};
	objectVersion = 55;
	objects = {

/* Begin PBXBuildFile section */
		C90DAC21284A032A000A6675 /* iOSIntPackage in Frameworks */ = {isa = PBXBuildFile; productRef = C90DAC20284A032A000A6675 /* iOSIntPackage */; };
		C90E05112837B888008C554C /* StorageService.h in Headers */ = {isa = PBXBuildFile; fileRef = C90E05102837B888008C554C /* StorageService.h */; settings = {ATTRIBUTES = (Public, ); }; };
		C90E05142837B888008C554C /* StorageService.framework in Frameworks */ = {isa = PBXBuildFile; fileRef = C90E050E2837B888008C554C /* StorageService.framework */; };
		C90E05152837B888008C554C /* StorageService.framework in Embed Frameworks */ = {isa = PBXBuildFile; fileRef = C90E050E2837B888008C554C /* StorageService.framework */; settings = {ATTRIBUTES = (CodeSignOnCopy, RemoveHeadersOnCopy, ); }; };
		C9164FEB27D0F57400034102 /* AppDelegate.swift in Sources */ = {isa = PBXBuildFile; fileRef = C9164FEA27D0F57400034102 /* AppDelegate.swift */; };
		C9164FED27D0F57400034102 /* SceneDelegate.swift in Sources */ = {isa = PBXBuildFile; fileRef = C9164FEC27D0F57400034102 /* SceneDelegate.swift */; };
		C9164FF427D0F57500034102 /* Assets.xcassets in Resources */ = {isa = PBXBuildFile; fileRef = C9164FF327D0F57500034102 /* Assets.xcassets */; };
		C9164FF727D0F57500034102 /* LaunchScreen.storyboard in Resources */ = {isa = PBXBuildFile; fileRef = C9164FF527D0F57500034102 /* LaunchScreen.storyboard */; };
		C9436632285B358500C706A4 /* FeedCoordinator.swift in Sources */ = {isa = PBXBuildFile; fileRef = C9436631285B358400C706A4 /* FeedCoordinator.swift */; };
		C9436662285BBF9400C706A4 /* FeedViewModel.swift in Sources */ = {isa = PBXBuildFile; fileRef = C9436661285BBF9400C706A4 /* FeedViewModel.swift */; };
		C94993D92863A02F003D80A2 /* LoginViewModel.swift in Sources */ = {isa = PBXBuildFile; fileRef = C94993D82863A02F003D80A2 /* LoginViewModel.swift */; };
		C94993DB2863A0F0003D80A2 /* BruteForce.swift in Sources */ = {isa = PBXBuildFile; fileRef = C94993DA2863A0F0003D80A2 /* BruteForce.swift */; };
		C94C3C372841172100F4DE92 /* User.swift in Sources */ = {isa = PBXBuildFile; fileRef = C94C3C362841172100F4DE92 /* User.swift */; };
		C94C3C39284119DD00F4DE92 /* CurrentUserService.swift in Sources */ = {isa = PBXBuildFile; fileRef = C94C3C38284119DD00F4DE92 /* CurrentUserService.swift */; };
		C94FB4C927D884B4005ABB47 /* ProfileHeaderView.swift in Sources */ = {isa = PBXBuildFile; fileRef = C94FB4C827D884B4005ABB47 /* ProfileHeaderView.swift */; };
		C960815F285094D3009444DA /* CustomButton.swift in Sources */ = {isa = PBXBuildFile; fileRef = C960815E285094D3009444DA /* CustomButton.swift */; };
		C96081612850B5CC009444DA /* PasswordModel.swift in Sources */ = {isa = PBXBuildFile; fileRef = C96081602850B5CC009444DA /* PasswordModel.swift */; };
		C9661156285C75C200F9DBD9 /* PhotoCoordinator.swift in Sources */ = {isa = PBXBuildFile; fileRef = C9661155285C75C200F9DBD9 /* PhotoCoordinator.swift */; };
		C9661158285C75E300F9DBD9 /* PhotoViewModel.swift in Sources */ = {isa = PBXBuildFile; fileRef = C9661157285C75E300F9DBD9 /* PhotoViewModel.swift */; };
		C9661160285C78E400F9DBD9 /* PostService.swift in Sources */ = {isa = PBXBuildFile; fileRef = C966115F285C78E400F9DBD9 /* PostService.swift */; };
		C9661161285C7B2100F9DBD9 /* Post.swift in Sources */ = {isa = PBXBuildFile; fileRef = C950451627D7C0530091A844 /* Post.swift */; };
		C9661165285C7E4700F9DBD9 /* PostViewModel.swift in Sources */ = {isa = PBXBuildFile; fileRef = C9661164285C7E4700F9DBD9 /* PostViewModel.swift */; };
		C98F335E287C6C530064BB87 /* MusicViewModel.swift in Sources */ = {isa = PBXBuildFile; fileRef = C98F335D287C6C530064BB87 /* MusicViewModel.swift */; };
		C98F3364287C8C670064BB87 /* 3.mp3 in Resources */ = {isa = PBXBuildFile; fileRef = C98F335F287C8C650064BB87 /* 3.mp3 */; };
		C98F3365287C8C670064BB87 /* 1.mp3 in Resources */ = {isa = PBXBuildFile; fileRef = C98F3360287C8C660064BB87 /* 1.mp3 */; };
		C98F3366287C8C670064BB87 /* 2.mp3 in Resources */ = {isa = PBXBuildFile; fileRef = C98F3361287C8C660064BB87 /* 2.mp3 */; };
		C98F3367287C8C670064BB87 /* 4.mp3 in Resources */ = {isa = PBXBuildFile; fileRef = C98F3362287C8C670064BB87 /* 4.mp3 */; };
		C98F3368287C8C670064BB87 /* 5.mp3 in Resources */ = {isa = PBXBuildFile; fileRef = C98F3363287C8C670064BB87 /* 5.mp3 */; };
		C98F336A287CA44F0064BB87 /* VideoViewModel.swift in Sources */ = {isa = PBXBuildFile; fileRef = C98F3369287CA44F0064BB87 /* VideoViewModel.swift */; };
		C98F336D287CAB030064BB87 /* YouTubeiOSPlayerHelper in Frameworks */ = {isa = PBXBuildFile; productRef = C98F336C287CAB030064BB87 /* YouTubeiOSPlayerHelper */; };
		C98F336F287CB32A0064BB87 /* VideoPlayerViewController.swift in Sources */ = {isa = PBXBuildFile; fileRef = C98F336E287CB32A0064BB87 /* VideoPlayerViewController.swift */; };
		C99A81EF27EDD9B90080B6A5 /* PhotoTableViewCell.swift in Sources */ = {isa = PBXBuildFile; fileRef = C99A81EE27EDD9B90080B6A5 /* PhotoTableViewCell.swift */; };
		C99A81F227EE3AF30080B6A5 /* PhotosViewController.swift in Sources */ = {isa = PBXBuildFile; fileRef = C99A81F127EE3AF30080B6A5 /* PhotosViewController.swift */; };
		C99A81F527EE47810080B6A5 /* PhotoCollectionViewCell.swift in Sources */ = {isa = PBXBuildFile; fileRef = C99A81F427EE47810080B6A5 /* PhotoCollectionViewCell.swift */; };
		C9A3881C27E5C70700CE4307 /* LoginViewController.swift in Sources */ = {isa = PBXBuildFile; fileRef = C9A3881B27E5C70700CE4307 /* LoginViewController.swift */; };
		C9A3884027E6692100CE4307 /* CustomTextField.swift in Sources */ = {isa = PBXBuildFile; fileRef = C9A3883F27E6692100CE4307 /* CustomTextField.swift */; };
		C9A3884227E676A700CE4307 /* PostTableViewCell.swift in Sources */ = {isa = PBXBuildFile; fileRef = C9A3884127E676A700CE4307 /* PostTableViewCell.swift */; };
		C9A3884427E67DCA00CE4307 /* Extensions.swift in Sources */ = {isa = PBXBuildFile; fileRef = C9A3884327E67DCA00CE4307 /* Extensions.swift */; };
		C9AB5067284659D3001DF1CC /* Checker.swift in Sources */ = {isa = PBXBuildFile; fileRef = C9AB5066284659D3001DF1CC /* Checker.swift */; };
		C9AB506928465DC8001DF1CC /* LoginInspector.swift in Sources */ = {isa = PBXBuildFile; fileRef = C9AB506828465DC8001DF1CC /* LoginInspector.swift */; };
		C9AB506B284668BB001DF1CC /* LoginFactory.swift in Sources */ = {isa = PBXBuildFile; fileRef = C9AB506A284668BB001DF1CC /* LoginFactory.swift */; };
		C9AB506D28466918001DF1CC /* MyLoginFactory.swift in Sources */ = {isa = PBXBuildFile; fileRef = C9AB506C28466918001DF1CC /* MyLoginFactory.swift */; };
		C9ABC90528620292002684A1 /* Photo.swift in Sources */ = {isa = PBXBuildFile; fileRef = C9ABC90428620292002684A1 /* Photo.swift */; };
		C9ABC90828624931002684A1 /* LoginView.swift in Sources */ = {isa = PBXBuildFile; fileRef = C9ABC90728624931002684A1 /* LoginView.swift */; };
		C9C4A4972858E42E007338FE /* MainCoordinatorProtocol.swift in Sources */ = {isa = PBXBuildFile; fileRef = C9C4A4962858E42E007338FE /* MainCoordinatorProtocol.swift */; };
		C9C4A4992859B178007338FE /* MainCoordinator.swift in Sources */ = {isa = PBXBuildFile; fileRef = C9C4A4982859B178007338FE /* MainCoordinator.swift */; };
		C9C4A4A12859E53D007338FE /* ModuleFactory.swift in Sources */ = {isa = PBXBuildFile; fileRef = C9C4A4A02859E53D007338FE /* ModuleFactory.swift */; };
		C9D204632844DD37005D108A /* TestUserService.swift in Sources */ = {isa = PBXBuildFile; fileRef = C9D204622844DD37005D108A /* TestUserService.swift */; };
		C9D315D82875C99A00DE52BC /* MusicViewController.swift in Sources */ = {isa = PBXBuildFile; fileRef = C9D315D72875C99A00DE52BC /* MusicViewController.swift */; };
		C9D315DC2875CFA300DE52BC /* VideoViewController.swift in Sources */ = {isa = PBXBuildFile; fileRef = C9D315DB2875CFA300DE52BC /* VideoViewController.swift */; };
		C9DFC241283F3F6C00496850 /* iOSIntPackage in Frameworks */ = {isa = PBXBuildFile; productRef = C9DFC240283F3F6C00496850 /* iOSIntPackage */; };
		C9E1AA7327D0FBCB0021A97A /* ProfileViewController.swift in Sources */ = {isa = PBXBuildFile; fileRef = C9E1AA7227D0FBCB0021A97A /* ProfileViewController.swift */; };
		C9E1AA7527D0FBF60021A97A /* PostViewController.swift in Sources */ = {isa = PBXBuildFile; fileRef = C9E1AA7427D0FBF60021A97A /* PostViewController.swift */; };
		C9E1AA7727D0FC240021A97A /* InfoViewController.swift in Sources */ = {isa = PBXBuildFile; fileRef = C9E1AA7627D0FC240021A97A /* InfoViewController.swift */; };
		C9E1AA7927D0FC510021A97A /* FeedViewController.swift in Sources */ = {isa = PBXBuildFile; fileRef = C9E1AA7827D0FC510021A97A /* FeedViewController.swift */; };
		C9E1AA7B27D0FC9D0021A97A /* TabBarController.swift in Sources */ = {isa = PBXBuildFile; fileRef = C9E1AA7A27D0FC9D0021A97A /* TabBarController.swift */; };
		C9F9C06D285E55BE005350CE /* SnapKit in Frameworks */ = {isa = PBXBuildFile; productRef = C9F9C06C285E55BE005350CE /* SnapKit */; };
/* End PBXBuildFile section */

/* Begin PBXContainerItemProxy section */
		C90E05122837B888008C554C /* PBXContainerItemProxy */ = {
			isa = PBXContainerItemProxy;
			containerPortal = C9164FDF27D0F57400034102 /* Project object */;
			proxyType = 1;
			remoteGlobalIDString = C90E050D2837B888008C554C;
			remoteInfo = StorageService;
		};
/* End PBXContainerItemProxy section */

/* Begin PBXCopyFilesBuildPhase section */
		C90E05162837B888008C554C /* Embed Frameworks */ = {
			isa = PBXCopyFilesBuildPhase;
			buildActionMask = 2147483647;
			dstPath = "";
			dstSubfolderSpec = 10;
			files = (
				C90E05152837B888008C554C /* StorageService.framework in Embed Frameworks */,
			);
			name = "Embed Frameworks";
			runOnlyForDeploymentPostprocessing = 0;
		};
/* End PBXCopyFilesBuildPhase section */

/* Begin PBXFileReference section */
		C90E050E2837B888008C554C /* StorageService.framework */ = {isa = PBXFileReference; explicitFileType = wrapper.framework; includeInIndex = 0; path = StorageService.framework; sourceTree = BUILT_PRODUCTS_DIR; };
		C90E05102837B888008C554C /* StorageService.h */ = {isa = PBXFileReference; lastKnownFileType = sourcecode.c.h; path = StorageService.h; sourceTree = "<group>"; };
		C9164FE727D0F57400034102 /* Navigation.app */ = {isa = PBXFileReference; explicitFileType = wrapper.application; includeInIndex = 0; path = Navigation.app; sourceTree = BUILT_PRODUCTS_DIR; };
		C9164FEA27D0F57400034102 /* AppDelegate.swift */ = {isa = PBXFileReference; lastKnownFileType = sourcecode.swift; path = AppDelegate.swift; sourceTree = "<group>"; };
		C9164FEC27D0F57400034102 /* SceneDelegate.swift */ = {isa = PBXFileReference; lastKnownFileType = sourcecode.swift; path = SceneDelegate.swift; sourceTree = "<group>"; };
		C9164FF327D0F57500034102 /* Assets.xcassets */ = {isa = PBXFileReference; lastKnownFileType = folder.assetcatalog; path = Assets.xcassets; sourceTree = "<group>"; };
		C9164FF627D0F57500034102 /* Base */ = {isa = PBXFileReference; lastKnownFileType = file.storyboard; name = Base; path = Base.lproj/LaunchScreen.storyboard; sourceTree = "<group>"; };
		C9164FF827D0F57500034102 /* Info.plist */ = {isa = PBXFileReference; lastKnownFileType = text.plist.xml; path = Info.plist; sourceTree = "<group>"; };
		C9436631285B358400C706A4 /* FeedCoordinator.swift */ = {isa = PBXFileReference; lastKnownFileType = sourcecode.swift; path = FeedCoordinator.swift; sourceTree = "<group>"; };
		C9436661285BBF9400C706A4 /* FeedViewModel.swift */ = {isa = PBXFileReference; lastKnownFileType = sourcecode.swift; path = FeedViewModel.swift; sourceTree = "<group>"; };
		C94993D82863A02F003D80A2 /* LoginViewModel.swift */ = {isa = PBXFileReference; lastKnownFileType = sourcecode.swift; path = LoginViewModel.swift; sourceTree = "<group>"; };
		C94993DA2863A0F0003D80A2 /* BruteForce.swift */ = {isa = PBXFileReference; lastKnownFileType = sourcecode.swift; path = BruteForce.swift; sourceTree = "<group>"; };
		C94C3C362841172100F4DE92 /* User.swift */ = {isa = PBXFileReference; lastKnownFileType = sourcecode.swift; path = User.swift; sourceTree = "<group>"; };
		C94C3C38284119DD00F4DE92 /* CurrentUserService.swift */ = {isa = PBXFileReference; lastKnownFileType = sourcecode.swift; path = CurrentUserService.swift; sourceTree = "<group>"; };
		C94FB4C827D884B4005ABB47 /* ProfileHeaderView.swift */ = {isa = PBXFileReference; lastKnownFileType = sourcecode.swift; path = ProfileHeaderView.swift; sourceTree = "<group>"; };
		C950451627D7C0530091A844 /* Post.swift */ = {isa = PBXFileReference; lastKnownFileType = sourcecode.swift; path = Post.swift; sourceTree = "<group>"; };
		C960815E285094D3009444DA /* CustomButton.swift */ = {isa = PBXFileReference; lastKnownFileType = sourcecode.swift; path = CustomButton.swift; sourceTree = "<group>"; };
		C96081602850B5CC009444DA /* PasswordModel.swift */ = {isa = PBXFileReference; lastKnownFileType = sourcecode.swift; path = PasswordModel.swift; sourceTree = "<group>"; };
		C9661155285C75C200F9DBD9 /* PhotoCoordinator.swift */ = {isa = PBXFileReference; lastKnownFileType = sourcecode.swift; path = PhotoCoordinator.swift; sourceTree = "<group>"; };
		C9661157285C75E300F9DBD9 /* PhotoViewModel.swift */ = {isa = PBXFileReference; lastKnownFileType = sourcecode.swift; path = PhotoViewModel.swift; sourceTree = "<group>"; };
		C966115F285C78E400F9DBD9 /* PostService.swift */ = {isa = PBXFileReference; lastKnownFileType = sourcecode.swift; path = PostService.swift; sourceTree = "<group>"; };
		C9661164285C7E4700F9DBD9 /* PostViewModel.swift */ = {isa = PBXFileReference; lastKnownFileType = sourcecode.swift; path = PostViewModel.swift; sourceTree = "<group>"; };
		C98F335D287C6C530064BB87 /* MusicViewModel.swift */ = {isa = PBXFileReference; lastKnownFileType = sourcecode.swift; path = MusicViewModel.swift; sourceTree = "<group>"; };
		C98F335F287C8C650064BB87 /* 3.mp3 */ = {isa = PBXFileReference; lastKnownFileType = audio.mp3; path = 3.mp3; sourceTree = "<group>"; };
		C98F3360287C8C660064BB87 /* 1.mp3 */ = {isa = PBXFileReference; lastKnownFileType = audio.mp3; path = 1.mp3; sourceTree = "<group>"; };
		C98F3361287C8C660064BB87 /* 2.mp3 */ = {isa = PBXFileReference; lastKnownFileType = audio.mp3; path = 2.mp3; sourceTree = "<group>"; };
		C98F3362287C8C670064BB87 /* 4.mp3 */ = {isa = PBXFileReference; lastKnownFileType = audio.mp3; path = 4.mp3; sourceTree = "<group>"; };
		C98F3363287C8C670064BB87 /* 5.mp3 */ = {isa = PBXFileReference; lastKnownFileType = audio.mp3; path = 5.mp3; sourceTree = "<group>"; };
		C98F3369287CA44F0064BB87 /* VideoViewModel.swift */ = {isa = PBXFileReference; lastKnownFileType = sourcecode.swift; path = VideoViewModel.swift; sourceTree = "<group>"; };
		C98F336E287CB32A0064BB87 /* VideoPlayerViewController.swift */ = {isa = PBXFileReference; lastKnownFileType = sourcecode.swift; path = VideoPlayerViewController.swift; sourceTree = "<group>"; };
		C99A81EE27EDD9B90080B6A5 /* PhotoTableViewCell.swift */ = {isa = PBXFileReference; lastKnownFileType = sourcecode.swift; path = PhotoTableViewCell.swift; sourceTree = "<group>"; };
		C99A81F127EE3AF30080B6A5 /* PhotosViewController.swift */ = {isa = PBXFileReference; lastKnownFileType = sourcecode.swift; path = PhotosViewController.swift; sourceTree = "<group>"; };
		C99A81F427EE47810080B6A5 /* PhotoCollectionViewCell.swift */ = {isa = PBXFileReference; lastKnownFileType = sourcecode.swift; path = PhotoCollectionViewCell.swift; sourceTree = "<group>"; };
		C9A3881B27E5C70700CE4307 /* LoginViewController.swift */ = {isa = PBXFileReference; lastKnownFileType = sourcecode.swift; path = LoginViewController.swift; sourceTree = "<group>"; };
		C9A3883F27E6692100CE4307 /* CustomTextField.swift */ = {isa = PBXFileReference; lastKnownFileType = sourcecode.swift; path = CustomTextField.swift; sourceTree = "<group>"; };
		C9A3884127E676A700CE4307 /* PostTableViewCell.swift */ = {isa = PBXFileReference; lastKnownFileType = sourcecode.swift; path = PostTableViewCell.swift; sourceTree = "<group>"; };
		C9A3884327E67DCA00CE4307 /* Extensions.swift */ = {isa = PBXFileReference; lastKnownFileType = sourcecode.swift; path = Extensions.swift; sourceTree = "<group>"; };
		C9AB5066284659D3001DF1CC /* Checker.swift */ = {isa = PBXFileReference; lastKnownFileType = sourcecode.swift; path = Checker.swift; sourceTree = "<group>"; };
		C9AB506828465DC8001DF1CC /* LoginInspector.swift */ = {isa = PBXFileReference; lastKnownFileType = sourcecode.swift; path = LoginInspector.swift; sourceTree = "<group>"; };
		C9AB506A284668BB001DF1CC /* LoginFactory.swift */ = {isa = PBXFileReference; lastKnownFileType = sourcecode.swift; path = LoginFactory.swift; sourceTree = "<group>"; };
		C9AB506C28466918001DF1CC /* MyLoginFactory.swift */ = {isa = PBXFileReference; lastKnownFileType = sourcecode.swift; path = MyLoginFactory.swift; sourceTree = "<group>"; };
		C9ABC90428620292002684A1 /* Photo.swift */ = {isa = PBXFileReference; lastKnownFileType = sourcecode.swift; path = Photo.swift; sourceTree = "<group>"; };
		C9ABC90728624931002684A1 /* LoginView.swift */ = {isa = PBXFileReference; lastKnownFileType = sourcecode.swift; path = LoginView.swift; sourceTree = "<group>"; };
		C9C4A4962858E42E007338FE /* MainCoordinatorProtocol.swift */ = {isa = PBXFileReference; lastKnownFileType = sourcecode.swift; path = MainCoordinatorProtocol.swift; sourceTree = "<group>"; };
		C9C4A4982859B178007338FE /* MainCoordinator.swift */ = {isa = PBXFileReference; lastKnownFileType = sourcecode.swift; path = MainCoordinator.swift; sourceTree = "<group>"; };
		C9C4A4A02859E53D007338FE /* ModuleFactory.swift */ = {isa = PBXFileReference; lastKnownFileType = sourcecode.swift; path = ModuleFactory.swift; sourceTree = "<group>"; };
		C9D204622844DD37005D108A /* TestUserService.swift */ = {isa = PBXFileReference; lastKnownFileType = sourcecode.swift; path = TestUserService.swift; sourceTree = "<group>"; };
		C9D315D72875C99A00DE52BC /* MusicViewController.swift */ = {isa = PBXFileReference; lastKnownFileType = sourcecode.swift; path = MusicViewController.swift; sourceTree = "<group>"; };
		C9D315DB2875CFA300DE52BC /* VideoViewController.swift */ = {isa = PBXFileReference; lastKnownFileType = sourcecode.swift; path = VideoViewController.swift; sourceTree = "<group>"; };
		C9E1AA7227D0FBCB0021A97A /* ProfileViewController.swift */ = {isa = PBXFileReference; lastKnownFileType = sourcecode.swift; path = ProfileViewController.swift; sourceTree = "<group>"; };
		C9E1AA7427D0FBF60021A97A /* PostViewController.swift */ = {isa = PBXFileReference; lastKnownFileType = sourcecode.swift; path = PostViewController.swift; sourceTree = "<group>"; };
		C9E1AA7627D0FC240021A97A /* InfoViewController.swift */ = {isa = PBXFileReference; lastKnownFileType = sourcecode.swift; path = InfoViewController.swift; sourceTree = "<group>"; };
		C9E1AA7827D0FC510021A97A /* FeedViewController.swift */ = {isa = PBXFileReference; lastKnownFileType = sourcecode.swift; path = FeedViewController.swift; sourceTree = "<group>"; };
		C9E1AA7A27D0FC9D0021A97A /* TabBarController.swift */ = {isa = PBXFileReference; lastKnownFileType = sourcecode.swift; path = TabBarController.swift; sourceTree = "<group>"; };
/* End PBXFileReference section */

/* Begin PBXFrameworksBuildPhase section */
		C90E050B2837B888008C554C /* Frameworks */ = {
			isa = PBXFrameworksBuildPhase;
			buildActionMask = 2147483647;
			files = (
			);
			runOnlyForDeploymentPostprocessing = 0;
		};
		C9164FE427D0F57400034102 /* Frameworks */ = {
			isa = PBXFrameworksBuildPhase;
			buildActionMask = 2147483647;
			files = (
				C9DFC241283F3F6C00496850 /* iOSIntPackage in Frameworks */,
				C9F9C06D285E55BE005350CE /* SnapKit in Frameworks */,
				C90E05142837B888008C554C /* StorageService.framework in Frameworks */,
				C90DAC21284A032A000A6675 /* iOSIntPackage in Frameworks */,
				C98F336D287CAB030064BB87 /* YouTubeiOSPlayerHelper in Frameworks */,
			);
			runOnlyForDeploymentPostprocessing = 0;
		};
/* End PBXFrameworksBuildPhase section */

/* Begin PBXGroup section */
		C90E050F2837B888008C554C /* StorageService */ = {
			isa = PBXGroup;
			children = (
				C90E05102837B888008C554C /* StorageService.h */,
			);
			path = StorageService;
			sourceTree = "<group>";
		};
		C9164FDE27D0F57400034102 = {
			isa = PBXGroup;
			children = (
				C9164FE927D0F57400034102 /* Navigation */,
				C90E050F2837B888008C554C /* StorageService */,
				C9164FE827D0F57400034102 /* Products */,
			);
			sourceTree = "<group>";
		};
		C9164FE827D0F57400034102 /* Products */ = {
			isa = PBXGroup;
			children = (
				C9164FE727D0F57400034102 /* Navigation.app */,
				C90E050E2837B888008C554C /* StorageService.framework */,
			);
			name = Products;
			sourceTree = "<group>";
		};
		C9164FE927D0F57400034102 /* Navigation */ = {
			isa = PBXGroup;
			children = (
				C98F3350287C3C720064BB87 /* ResourcesMedia */,
				C9D315D92875CF8A00DE52BC /* Video */,
				C9D315D52875C97600DE52BC /* Music */,
				C9661168285C8AC900F9DBD9 /* Login */,
				C9661166285C8AAE00F9DBD9 /* Info */,
				C9661162285C7D0600F9DBD9 /* Profile */,
				C9661159285C773C00F9DBD9 /* Post */,
				C966114E285C74F500F9DBD9 /* Photo */,
				C943665D285BBE6400C706A4 /* Feed */,
				C9AB50B12847A40B001DF1CC /* Factorys */,
				C9C4A4932858DF68007338FE /* Coordinators */,
				C9436600285A637600C706A4 /* Controllers */,
				C94C3C35284116FC00F4DE92 /* Models */,
				C960815D285094B6009444DA /* Views */,
				C9164FEA27D0F57400034102 /* AppDelegate.swift */,
				C9AB5066284659D3001DF1CC /* Checker.swift */,
				C9164FEC27D0F57400034102 /* SceneDelegate.swift */,
				C9AB506828465DC8001DF1CC /* LoginInspector.swift */,
				C9A3884327E67DCA00CE4307 /* Extensions.swift */,
				C9164FF327D0F57500034102 /* Assets.xcassets */,
				C9164FF527D0F57500034102 /* LaunchScreen.storyboard */,
				C9164FF827D0F57500034102 /* Info.plist */,
				C94993DA2863A0F0003D80A2 /* BruteForce.swift */,
			);
			path = Navigation;
			sourceTree = "<group>";
		};
		C9436600285A637600C706A4 /* Controllers */ = {
			isa = PBXGroup;
			children = (
				C9E1AA7A27D0FC9D0021A97A /* TabBarController.swift */,
			);
			path = Controllers;
			sourceTree = "<group>";
		};
		C943665D285BBE6400C706A4 /* Feed */ = {
			isa = PBXGroup;
			children = (
				C943665E285BBE8800C706A4 /* Coordinator */,
				C9436660285BBED300C706A4 /* ViewModel */,
				C943665F285BBEAB00C706A4 /* View */,
			);
			path = Feed;
			sourceTree = "<group>";
		};
		C943665E285BBE8800C706A4 /* Coordinator */ = {
			isa = PBXGroup;
			children = (
				C9436631285B358400C706A4 /* FeedCoordinator.swift */,
			);
			path = Coordinator;
			sourceTree = "<group>";
		};
		C943665F285BBEAB00C706A4 /* View */ = {
			isa = PBXGroup;
			children = (
				C9E1AA7827D0FC510021A97A /* FeedViewController.swift */,
			);
			path = View;
			sourceTree = "<group>";
		};
		C9436660285BBED300C706A4 /* ViewModel */ = {
			isa = PBXGroup;
			children = (
				C9436661285BBF9400C706A4 /* FeedViewModel.swift */,
			);
			path = ViewModel;
			sourceTree = "<group>";
		};
		C94993D72863A011003D80A2 /* ViewModel */ = {
			isa = PBXGroup;
			children = (
				C94993D82863A02F003D80A2 /* LoginViewModel.swift */,
			);
			path = ViewModel;
			sourceTree = "<group>";
		};
		C94C3C35284116FC00F4DE92 /* Models */ = {
			isa = PBXGroup;
			children = (
				C94C3C362841172100F4DE92 /* User.swift */,
				C94C3C38284119DD00F4DE92 /* CurrentUserService.swift */,
				C9D204622844DD37005D108A /* TestUserService.swift */,
				C96081602850B5CC009444DA /* PasswordModel.swift */,
			);
			path = Models;
			sourceTree = "<group>";
		};
		C960815D285094B6009444DA /* Views */ = {
			isa = PBXGroup;
			children = (
				C960815E285094D3009444DA /* CustomButton.swift */,
				C9A3883F27E6692100CE4307 /* CustomTextField.swift */,
			);
			path = Views;
			sourceTree = "<group>";
		};
		C966114E285C74F500F9DBD9 /* Photo */ = {
			isa = PBXGroup;
			children = (
				C9661154285C75A100F9DBD9 /* Coordinator */,
				C9661153285C759300F9DBD9 /* ViewModel */,
				C9661152285C758600F9DBD9 /* View */,
				C9661151285C757700F9DBD9 /* Model */,
				C9661150285C753500F9DBD9 /* Controller */,
			);
			path = Photo;
			sourceTree = "<group>";
		};
		C9661150285C753500F9DBD9 /* Controller */ = {
			isa = PBXGroup;
			children = (
				C99A81F127EE3AF30080B6A5 /* PhotosViewController.swift */,
			);
			path = Controller;
			sourceTree = "<group>";
		};
		C9661151285C757700F9DBD9 /* Model */ = {
			isa = PBXGroup;
			children = (
				C9ABC90428620292002684A1 /* Photo.swift */,
			);
			path = Model;
			sourceTree = "<group>";
		};
		C9661152285C758600F9DBD9 /* View */ = {
			isa = PBXGroup;
			children = (
				C99A81F427EE47810080B6A5 /* PhotoCollectionViewCell.swift */,
				C99A81EE27EDD9B90080B6A5 /* PhotoTableViewCell.swift */,
			);
			path = View;
			sourceTree = "<group>";
		};
		C9661153285C759300F9DBD9 /* ViewModel */ = {
			isa = PBXGroup;
			children = (
				C9661157285C75E300F9DBD9 /* PhotoViewModel.swift */,
			);
			path = ViewModel;
			sourceTree = "<group>";
		};
		C9661154285C75A100F9DBD9 /* Coordinator */ = {
			isa = PBXGroup;
			children = (
				C9661155285C75C200F9DBD9 /* PhotoCoordinator.swift */,
			);
			path = Coordinator;
			sourceTree = "<group>";
		};
		C9661159285C773C00F9DBD9 /* Post */ = {
			isa = PBXGroup;
			children = (
				C966115E285C779700F9DBD9 /* View */,
				C966115D285C778400F9DBD9 /* Controller */,
				C966115C285C777000F9DBD9 /* Coordinator */,
				C966115B285C774D00F9DBD9 /* ViewModel */,
				C966115A285C774400F9DBD9 /* Model */,
			);
			path = Post;
			sourceTree = "<group>";
		};
		C966115A285C774400F9DBD9 /* Model */ = {
			isa = PBXGroup;
			children = (
				C950451627D7C0530091A844 /* Post.swift */,
				C966115F285C78E400F9DBD9 /* PostService.swift */,
			);
			path = Model;
			sourceTree = "<group>";
		};
		C966115B285C774D00F9DBD9 /* ViewModel */ = {
			isa = PBXGroup;
			children = (
				C9661164285C7E4700F9DBD9 /* PostViewModel.swift */,
			);
			path = ViewModel;
			sourceTree = "<group>";
		};
		C966115C285C777000F9DBD9 /* Coordinator */ = {
			isa = PBXGroup;
			children = (
			);
			path = Coordinator;
			sourceTree = "<group>";
		};
		C966115D285C778400F9DBD9 /* Controller */ = {
			isa = PBXGroup;
			children = (
				C9E1AA7427D0FBF60021A97A /* PostViewController.swift */,
			);
			path = Controller;
			sourceTree = "<group>";
		};
		C966115E285C779700F9DBD9 /* View */ = {
			isa = PBXGroup;
			children = (
				C9A3884127E676A700CE4307 /* PostTableViewCell.swift */,
			);
			path = View;
			sourceTree = "<group>";
		};
		C9661162285C7D0600F9DBD9 /* Profile */ = {
			isa = PBXGroup;
			children = (
				C966116A285C8AEB00F9DBD9 /* View */,
				C9661163285C7D1000F9DBD9 /* Controller */,
			);
			path = Profile;
			sourceTree = "<group>";
		};
		C9661163285C7D1000F9DBD9 /* Controller */ = {
			isa = PBXGroup;
			children = (
				C9E1AA7227D0FBCB0021A97A /* ProfileViewController.swift */,
			);
			path = Controller;
			sourceTree = "<group>";
		};
		C9661166285C8AAE00F9DBD9 /* Info */ = {
			isa = PBXGroup;
			children = (
				C9661167285C8AB500F9DBD9 /* Controller */,
			);
			path = Info;
			sourceTree = "<group>";
		};
		C9661167285C8AB500F9DBD9 /* Controller */ = {
			isa = PBXGroup;
			children = (
				C9E1AA7627D0FC240021A97A /* InfoViewController.swift */,
			);
			path = Controller;
			sourceTree = "<group>";
		};
		C9661168285C8AC900F9DBD9 /* Login */ = {
			isa = PBXGroup;
			children = (
				C94993D72863A011003D80A2 /* ViewModel */,
				C9ABC9062862479B002684A1 /* View */,
				C9661169285C8ACF00F9DBD9 /* Controller */,
			);
			path = Login;
			sourceTree = "<group>";
		};
		C9661169285C8ACF00F9DBD9 /* Controller */ = {
			isa = PBXGroup;
			children = (
				C9A3881B27E5C70700CE4307 /* LoginViewController.swift */,
			);
			path = Controller;
			sourceTree = "<group>";
		};
		C966116A285C8AEB00F9DBD9 /* View */ = {
			isa = PBXGroup;
			children = (
				C94FB4C827D884B4005ABB47 /* ProfileHeaderView.swift */,
			);
			path = View;
			sourceTree = "<group>";
		};
		C98F3350287C3C720064BB87 /* ResourcesMedia */ = {
			isa = PBXGroup;
			children = (
				C98F3360287C8C660064BB87 /* 1.mp3 */,
				C98F3361287C8C660064BB87 /* 2.mp3 */,
				C98F335F287C8C650064BB87 /* 3.mp3 */,
				C98F3362287C8C670064BB87 /* 4.mp3 */,
				C98F3363287C8C670064BB87 /* 5.mp3 */,
			);
			path = ResourcesMedia;
			sourceTree = "<group>";
		};
		C9AB50B12847A40B001DF1CC /* Factorys */ = {
			isa = PBXGroup;
			children = (
				C9AB506A284668BB001DF1CC /* LoginFactory.swift */,
				C9AB506C28466918001DF1CC /* MyLoginFactory.swift */,
				C9C4A4A02859E53D007338FE /* ModuleFactory.swift */,
			);
			path = Factorys;
			sourceTree = "<group>";
		};
		C9ABC9062862479B002684A1 /* View */ = {
			isa = PBXGroup;
			children = (
				C9ABC90728624931002684A1 /* LoginView.swift */,
			);
			path = View;
			sourceTree = "<group>";
		};
		C9C4A4932858DF68007338FE /* Coordinators */ = {
			isa = PBXGroup;
			children = (
				C9C4A4962858E42E007338FE /* MainCoordinatorProtocol.swift */,
				C9C4A4982859B178007338FE /* MainCoordinator.swift */,
			);
			path = Coordinators;
			sourceTree = "<group>";
		};
		C9C6E6D5287D5D3B00FB3069 /* ViewModel */ = {
			isa = PBXGroup;
			children = (
				C98F335D287C6C530064BB87 /* MusicViewModel.swift */,
			);
			path = ViewModel;
			sourceTree = "<group>";
		};
		C9C6E6D6287D5D6100FB3069 /* ViewModel */ = {
			isa = PBXGroup;
			children = (
				C98F3369287CA44F0064BB87 /* VideoViewModel.swift */,
			);
			path = ViewModel;
			sourceTree = "<group>";
		};
		C9D315D52875C97600DE52BC /* Music */ = {
			isa = PBXGroup;
			children = (
				C9C6E6D5287D5D3B00FB3069 /* ViewModel */,
				C9D315D62875C98100DE52BC /* View */,
			);
			path = Music;
			sourceTree = "<group>";
		};
		C9D315D62875C98100DE52BC /* View */ = {
			isa = PBXGroup;
			children = (
				C9D315D72875C99A00DE52BC /* MusicViewController.swift */,
			);
			path = View;
			sourceTree = "<group>";
		};
		C9D315D92875CF8A00DE52BC /* Video */ = {
			isa = PBXGroup;
			children = (
				C9C6E6D6287D5D6100FB3069 /* ViewModel */,
				C9D315DA2875CF9100DE52BC /* View */,
			);
			path = Video;
			sourceTree = "<group>";
		};
		C9D315DA2875CF9100DE52BC /* View */ = {
			isa = PBXGroup;
			children = (
				C9D315DB2875CFA300DE52BC /* VideoViewController.swift */,
				C98F336E287CB32A0064BB87 /* VideoPlayerViewController.swift */,
			);
			path = View;
			sourceTree = "<group>";
		};
/* End PBXGroup section */

/* Begin PBXHeadersBuildPhase section */
		C90E05092837B888008C554C /* Headers */ = {
			isa = PBXHeadersBuildPhase;
			buildActionMask = 2147483647;
			files = (
				C90E05112837B888008C554C /* StorageService.h in Headers */,
			);
			runOnlyForDeploymentPostprocessing = 0;
		};
/* End PBXHeadersBuildPhase section */

/* Begin PBXNativeTarget section */
		C90E050D2837B888008C554C /* StorageService */ = {
			isa = PBXNativeTarget;
			buildConfigurationList = C90E05192837B888008C554C /* Build configuration list for PBXNativeTarget "StorageService" */;
			buildPhases = (
				C90E05092837B888008C554C /* Headers */,
				C90E050A2837B888008C554C /* Sources */,
				C90E050B2837B888008C554C /* Frameworks */,
				C90E050C2837B888008C554C /* Resources */,
			);
			buildRules = (
			);
			dependencies = (
			);
			name = StorageService;
			productName = StorageService;
			productReference = C90E050E2837B888008C554C /* StorageService.framework */;
			productType = "com.apple.product-type.framework";
		};
		C9164FE627D0F57400034102 /* Navigation */ = {
			isa = PBXNativeTarget;
			buildConfigurationList = C9164FFB27D0F57500034102 /* Build configuration list for PBXNativeTarget "Navigation" */;
			buildPhases = (
				C9164FE327D0F57400034102 /* Sources */,
				C9164FE427D0F57400034102 /* Frameworks */,
				C9164FE527D0F57400034102 /* Resources */,
				C94FB4CA27D8C5BE005ABB47 /* ShellScript */,
				C90E05162837B888008C554C /* Embed Frameworks */,
			);
			buildRules = (
			);
			dependencies = (
				C90E05132837B888008C554C /* PBXTargetDependency */,
			);
			name = Navigation;
			packageProductDependencies = (
				C9DFC240283F3F6C00496850 /* iOSIntPackage */,
				C90DAC20284A032A000A6675 /* iOSIntPackage */,
				C9F9C06C285E55BE005350CE /* SnapKit */,
				C98F336C287CAB030064BB87 /* YouTubeiOSPlayerHelper */,
			);
			productName = Navigation;
			productReference = C9164FE727D0F57400034102 /* Navigation.app */;
			productType = "com.apple.product-type.application";
		};
/* End PBXNativeTarget section */

/* Begin PBXProject section */
		C9164FDF27D0F57400034102 /* Project object */ = {
			isa = PBXProject;
			attributes = {
				BuildIndependentTargetsInParallel = 1;
				LastSwiftUpdateCheck = 1320;
				LastUpgradeCheck = 1340;
				TargetAttributes = {
					C90E050D2837B888008C554C = {
						CreatedOnToolsVersion = 13.4;
					};
					C9164FE627D0F57400034102 = {
						CreatedOnToolsVersion = 13.2.1;
					};
				};
			};
			buildConfigurationList = C9164FE227D0F57400034102 /* Build configuration list for PBXProject "Navigation" */;
			compatibilityVersion = "Xcode 13.0";
			developmentRegion = en;
			hasScannedForEncodings = 0;
			knownRegions = (
				en,
				Base,
			);
			mainGroup = C9164FDE27D0F57400034102;
			packageReferences = (
				C9DFC23F283F3F6C00496850 /* XCRemoteSwiftPackageReference "iOSIntPackage" */,
				C90DAC1F284A032A000A6675 /* XCRemoteSwiftPackageReference "iOSIntPackage" */,
				C9F9C06B285E55BE005350CE /* XCRemoteSwiftPackageReference "SnapKit" */,
				C98F336B287CAB030064BB87 /* XCRemoteSwiftPackageReference "youtube-ios-player-helper" */,
			);
			productRefGroup = C9164FE827D0F57400034102 /* Products */;
			projectDirPath = "";
			projectRoot = "";
			targets = (
				C9164FE627D0F57400034102 /* Navigation */,
				C90E050D2837B888008C554C /* StorageService */,
			);
		};
/* End PBXProject section */

/* Begin PBXResourcesBuildPhase section */
		C90E050C2837B888008C554C /* Resources */ = {
			isa = PBXResourcesBuildPhase;
			buildActionMask = 2147483647;
			files = (
			);
			runOnlyForDeploymentPostprocessing = 0;
		};
		C9164FE527D0F57400034102 /* Resources */ = {
			isa = PBXResourcesBuildPhase;
			buildActionMask = 2147483647;
			files = (
				C98F3368287C8C670064BB87 /* 5.mp3 in Resources */,
				C9164FF727D0F57500034102 /* LaunchScreen.storyboard in Resources */,
				C98F3364287C8C670064BB87 /* 3.mp3 in Resources */,
				C98F3366287C8C670064BB87 /* 2.mp3 in Resources */,
				C98F3367287C8C670064BB87 /* 4.mp3 in Resources */,
				C9164FF427D0F57500034102 /* Assets.xcassets in Resources */,
				C98F3365287C8C670064BB87 /* 1.mp3 in Resources */,
			);
			runOnlyForDeploymentPostprocessing = 0;
		};
/* End PBXResourcesBuildPhase section */

/* Begin PBXShellScriptBuildPhase section */
		C94FB4CA27D8C5BE005ABB47 /* ShellScript */ = {
			isa = PBXShellScriptBuildPhase;
			buildActionMask = 2147483647;
			files = (
			);
			inputFileListPaths = (
			);
			inputPaths = (
			);
			outputFileListPaths = (
			);
			outputPaths = (
			);
			runOnlyForDeploymentPostprocessing = 0;
			shellPath = /bin/sh;
			shellScript = "TAGS=\"TODO:|FIXME:\"\nERRORTAG=\"ERROR:\"\nfind \"${SRCROOT}\" \\( -name \"*.h\" -or -name \"*.m\" -or -name \"*.swift\" \\) -print0 | xargs -0 egrep --with-filename --line-number --only-matching \"($TAGS).*\\$|($ERRORTAG).*\\$\" | perl -p -e \"s/($TAGS)/ warning: \\$1/\" | perl -p -e \"s/($ERRORTAG)/ error: \\$1/\"\n";
		};
/* End PBXShellScriptBuildPhase section */

/* Begin PBXSourcesBuildPhase section */
		C90E050A2837B888008C554C /* Sources */ = {
			isa = PBXSourcesBuildPhase;
			buildActionMask = 2147483647;
			files = (
			);
			runOnlyForDeploymentPostprocessing = 0;
		};
		C9164FE327D0F57400034102 /* Sources */ = {
			isa = PBXSourcesBuildPhase;
			buildActionMask = 2147483647;
			files = (
				C9AB506928465DC8001DF1CC /* LoginInspector.swift in Sources */,
				C9C4A4992859B178007338FE /* MainCoordinator.swift in Sources */,
				C94993DB2863A0F0003D80A2 /* BruteForce.swift in Sources */,
				C9E1AA7527D0FBF60021A97A /* PostViewController.swift in Sources */,
				C98F336A287CA44F0064BB87 /* VideoViewModel.swift in Sources */,
				C9AB5067284659D3001DF1CC /* Checker.swift in Sources */,
				C99A81F227EE3AF30080B6A5 /* PhotosViewController.swift in Sources */,
				C9661158285C75E300F9DBD9 /* PhotoViewModel.swift in Sources */,
				C9436632285B358500C706A4 /* FeedCoordinator.swift in Sources */,
				C9A3884027E6692100CE4307 /* CustomTextField.swift in Sources */,
				C9D315D82875C99A00DE52BC /* MusicViewController.swift in Sources */,
				C9E1AA7327D0FBCB0021A97A /* ProfileViewController.swift in Sources */,
				C99A81F527EE47810080B6A5 /* PhotoCollectionViewCell.swift in Sources */,
				C9C4A4972858E42E007338FE /* MainCoordinatorProtocol.swift in Sources */,
				C9ABC90528620292002684A1 /* Photo.swift in Sources */,
				C9164FEB27D0F57400034102 /* AppDelegate.swift in Sources */,
				C94C3C372841172100F4DE92 /* User.swift in Sources */,
				C9C4A4A12859E53D007338FE /* ModuleFactory.swift in Sources */,
				C9661165285C7E4700F9DBD9 /* PostViewModel.swift in Sources */,
				C9D315DC2875CFA300DE52BC /* VideoViewController.swift in Sources */,
				C99A81EF27EDD9B90080B6A5 /* PhotoTableViewCell.swift in Sources */,
				C9661160285C78E400F9DBD9 /* PostService.swift in Sources */,
				C98F336F287CB32A0064BB87 /* VideoPlayerViewController.swift in Sources */,
				C94FB4C927D884B4005ABB47 /* ProfileHeaderView.swift in Sources */,
				C94C3C39284119DD00F4DE92 /* CurrentUserService.swift in Sources */,
				C9D204632844DD37005D108A /* TestUserService.swift in Sources */,
				C9AB506B284668BB001DF1CC /* LoginFactory.swift in Sources */,
				C98F335E287C6C530064BB87 /* MusicViewModel.swift in Sources */,
				C9661161285C7B2100F9DBD9 /* Post.swift in Sources */,
				C96081612850B5CC009444DA /* PasswordModel.swift in Sources */,
				C9436662285BBF9400C706A4 /* FeedViewModel.swift in Sources */,
				C9164FED27D0F57400034102 /* SceneDelegate.swift in Sources */,
				C9E1AA7B27D0FC9D0021A97A /* TabBarController.swift in Sources */,
				C9661156285C75C200F9DBD9 /* PhotoCoordinator.swift in Sources */,
				C9AB506D28466918001DF1CC /* MyLoginFactory.swift in Sources */,
				C94993D92863A02F003D80A2 /* LoginViewModel.swift in Sources */,
				C9A3884427E67DCA00CE4307 /* Extensions.swift in Sources */,
				C9ABC90828624931002684A1 /* LoginView.swift in Sources */,
				C9E1AA7927D0FC510021A97A /* FeedViewController.swift in Sources */,
				C960815F285094D3009444DA /* CustomButton.swift in Sources */,
				C9A3881C27E5C70700CE4307 /* LoginViewController.swift in Sources */,
				C9E1AA7727D0FC240021A97A /* InfoViewController.swift in Sources */,
				C9A3884227E676A700CE4307 /* PostTableViewCell.swift in Sources */,
			);
			runOnlyForDeploymentPostprocessing = 0;
		};
/* End PBXSourcesBuildPhase section */

/* Begin PBXTargetDependency section */
		C90E05132837B888008C554C /* PBXTargetDependency */ = {
			isa = PBXTargetDependency;
			target = C90E050D2837B888008C554C /* StorageService */;
			targetProxy = C90E05122837B888008C554C /* PBXContainerItemProxy */;
		};
/* End PBXTargetDependency section */

/* Begin PBXVariantGroup section */
		C9164FF527D0F57500034102 /* LaunchScreen.storyboard */ = {
			isa = PBXVariantGroup;
			children = (
				C9164FF627D0F57500034102 /* Base */,
			);
			name = LaunchScreen.storyboard;
			sourceTree = "<group>";
		};
/* End PBXVariantGroup section */

/* Begin XCBuildConfiguration section */
		C90E05172837B888008C554C /* Debug */ = {
			isa = XCBuildConfiguration;
			buildSettings = {
				CODE_SIGN_IDENTITY = "";
				CODE_SIGN_STYLE = Automatic;
				CURRENT_PROJECT_VERSION = 1;
				DEFINES_MODULE = YES;
				DEVELOPMENT_TEAM = "";
				DYLIB_COMPATIBILITY_VERSION = 1;
				DYLIB_CURRENT_VERSION = 1;
				DYLIB_INSTALL_NAME_BASE = "@rpath";
				GENERATE_INFOPLIST_FILE = YES;
				INFOPLIST_KEY_NSHumanReadableCopyright = "";
				INSTALL_PATH = "$(LOCAL_LIBRARY_DIR)/Frameworks";
				IPHONEOS_DEPLOYMENT_TARGET = 15.5;
				LD_RUNPATH_SEARCH_PATHS = (
					"$(inherited)",
					"@executable_path/Frameworks",
					"@loader_path/Frameworks",
				);
				MARKETING_VERSION = 1.0;
				PRODUCT_BUNDLE_IDENTIFIER = "-.StorageService";
				PRODUCT_NAME = "$(TARGET_NAME:c99extidentifier)";
				SKIP_INSTALL = YES;
				SWIFT_EMIT_LOC_STRINGS = YES;
				SWIFT_VERSION = 5.0;
				TARGETED_DEVICE_FAMILY = "1,2";
				VERSIONING_SYSTEM = "apple-generic";
				VERSION_INFO_PREFIX = "";
			};
			name = Debug;
		};
		C90E05182837B888008C554C /* Release */ = {
			isa = XCBuildConfiguration;
			buildSettings = {
				CODE_SIGN_IDENTITY = "";
				CODE_SIGN_STYLE = Automatic;
				CURRENT_PROJECT_VERSION = 1;
				DEFINES_MODULE = YES;
				DEVELOPMENT_TEAM = "";
				DYLIB_COMPATIBILITY_VERSION = 1;
				DYLIB_CURRENT_VERSION = 1;
				DYLIB_INSTALL_NAME_BASE = "@rpath";
				GENERATE_INFOPLIST_FILE = YES;
				INFOPLIST_KEY_NSHumanReadableCopyright = "";
				INSTALL_PATH = "$(LOCAL_LIBRARY_DIR)/Frameworks";
				IPHONEOS_DEPLOYMENT_TARGET = 15.5;
				LD_RUNPATH_SEARCH_PATHS = (
					"$(inherited)",
					"@executable_path/Frameworks",
					"@loader_path/Frameworks",
				);
				MARKETING_VERSION = 1.0;
				PRODUCT_BUNDLE_IDENTIFIER = "-.StorageService";
				PRODUCT_NAME = "$(TARGET_NAME:c99extidentifier)";
				SKIP_INSTALL = YES;
				SWIFT_EMIT_LOC_STRINGS = YES;
				SWIFT_VERSION = 5.0;
				TARGETED_DEVICE_FAMILY = "1,2";
				VERSIONING_SYSTEM = "apple-generic";
				VERSION_INFO_PREFIX = "";
			};
			name = Release;
		};
		C9164FF927D0F57500034102 /* Debug */ = {
			isa = XCBuildConfiguration;
			buildSettings = {
				ALWAYS_SEARCH_USER_PATHS = NO;
				CLANG_ANALYZER_NONNULL = YES;
				CLANG_ANALYZER_NUMBER_OBJECT_CONVERSION = YES_AGGRESSIVE;
				CLANG_CXX_LANGUAGE_STANDARD = "gnu++17";
				CLANG_CXX_LIBRARY = "libc++";
				CLANG_ENABLE_MODULES = YES;
				CLANG_ENABLE_OBJC_ARC = YES;
				CLANG_ENABLE_OBJC_WEAK = YES;
				CLANG_WARN_BLOCK_CAPTURE_AUTORELEASING = YES;
				CLANG_WARN_BOOL_CONVERSION = YES;
				CLANG_WARN_COMMA = YES;
				CLANG_WARN_CONSTANT_CONVERSION = YES;
				CLANG_WARN_DEPRECATED_OBJC_IMPLEMENTATIONS = YES;
				CLANG_WARN_DIRECT_OBJC_ISA_USAGE = YES_ERROR;
				CLANG_WARN_DOCUMENTATION_COMMENTS = YES;
				CLANG_WARN_EMPTY_BODY = YES;
				CLANG_WARN_ENUM_CONVERSION = YES;
				CLANG_WARN_INFINITE_RECURSION = YES;
				CLANG_WARN_INT_CONVERSION = YES;
				CLANG_WARN_NON_LITERAL_NULL_CONVERSION = YES;
				CLANG_WARN_OBJC_IMPLICIT_RETAIN_SELF = YES;
				CLANG_WARN_OBJC_LITERAL_CONVERSION = YES;
				CLANG_WARN_OBJC_ROOT_CLASS = YES_ERROR;
				CLANG_WARN_QUOTED_INCLUDE_IN_FRAMEWORK_HEADER = YES;
				CLANG_WARN_RANGE_LOOP_ANALYSIS = YES;
				CLANG_WARN_STRICT_PROTOTYPES = YES;
				CLANG_WARN_SUSPICIOUS_MOVE = YES;
				CLANG_WARN_UNGUARDED_AVAILABILITY = YES_AGGRESSIVE;
				CLANG_WARN_UNREACHABLE_CODE = YES;
				CLANG_WARN__DUPLICATE_METHOD_MATCH = YES;
				COPY_PHASE_STRIP = NO;
				DEBUG_INFORMATION_FORMAT = dwarf;
				ENABLE_STRICT_OBJC_MSGSEND = YES;
				ENABLE_TESTABILITY = YES;
				GCC_C_LANGUAGE_STANDARD = gnu11;
				GCC_DYNAMIC_NO_PIC = NO;
				GCC_NO_COMMON_BLOCKS = YES;
				GCC_OPTIMIZATION_LEVEL = 0;
				GCC_PREPROCESSOR_DEFINITIONS = (
					"DEBUG=1",
					"$(inherited)",
				);
				GCC_WARN_64_TO_32_BIT_CONVERSION = YES;
				GCC_WARN_ABOUT_RETURN_TYPE = YES_ERROR;
				GCC_WARN_UNDECLARED_SELECTOR = YES;
				GCC_WARN_UNINITIALIZED_AUTOS = YES_AGGRESSIVE;
				GCC_WARN_UNUSED_FUNCTION = YES;
				GCC_WARN_UNUSED_VARIABLE = YES;
				IPHONEOS_DEPLOYMENT_TARGET = 15.2;
				MTL_ENABLE_DEBUG_INFO = INCLUDE_SOURCE;
				MTL_FAST_MATH = YES;
				ONLY_ACTIVE_ARCH = YES;
				SDKROOT = iphoneos;
				SWIFT_ACTIVE_COMPILATION_CONDITIONS = DEBUG;
				SWIFT_OPTIMIZATION_LEVEL = "-Onone";
			};
			name = Debug;
		};
		C9164FFA27D0F57500034102 /* Release */ = {
			isa = XCBuildConfiguration;
			buildSettings = {
				ALWAYS_SEARCH_USER_PATHS = NO;
				CLANG_ANALYZER_NONNULL = YES;
				CLANG_ANALYZER_NUMBER_OBJECT_CONVERSION = YES_AGGRESSIVE;
				CLANG_CXX_LANGUAGE_STANDARD = "gnu++17";
				CLANG_CXX_LIBRARY = "libc++";
				CLANG_ENABLE_MODULES = YES;
				CLANG_ENABLE_OBJC_ARC = YES;
				CLANG_ENABLE_OBJC_WEAK = YES;
				CLANG_WARN_BLOCK_CAPTURE_AUTORELEASING = YES;
				CLANG_WARN_BOOL_CONVERSION = YES;
				CLANG_WARN_COMMA = YES;
				CLANG_WARN_CONSTANT_CONVERSION = YES;
				CLANG_WARN_DEPRECATED_OBJC_IMPLEMENTATIONS = YES;
				CLANG_WARN_DIRECT_OBJC_ISA_USAGE = YES_ERROR;
				CLANG_WARN_DOCUMENTATION_COMMENTS = YES;
				CLANG_WARN_EMPTY_BODY = YES;
				CLANG_WARN_ENUM_CONVERSION = YES;
				CLANG_WARN_INFINITE_RECURSION = YES;
				CLANG_WARN_INT_CONVERSION = YES;
				CLANG_WARN_NON_LITERAL_NULL_CONVERSION = YES;
				CLANG_WARN_OBJC_IMPLICIT_RETAIN_SELF = YES;
				CLANG_WARN_OBJC_LITERAL_CONVERSION = YES;
				CLANG_WARN_OBJC_ROOT_CLASS = YES_ERROR;
				CLANG_WARN_QUOTED_INCLUDE_IN_FRAMEWORK_HEADER = YES;
				CLANG_WARN_RANGE_LOOP_ANALYSIS = YES;
				CLANG_WARN_STRICT_PROTOTYPES = YES;
				CLANG_WARN_SUSPICIOUS_MOVE = YES;
				CLANG_WARN_UNGUARDED_AVAILABILITY = YES_AGGRESSIVE;
				CLANG_WARN_UNREACHABLE_CODE = YES;
				CLANG_WARN__DUPLICATE_METHOD_MATCH = YES;
				COPY_PHASE_STRIP = NO;
				DEBUG_INFORMATION_FORMAT = "dwarf-with-dsym";
				ENABLE_NS_ASSERTIONS = NO;
				ENABLE_STRICT_OBJC_MSGSEND = YES;
				ENABLE_TESTABILITY = NO;
				GCC_C_LANGUAGE_STANDARD = gnu11;
				GCC_NO_COMMON_BLOCKS = YES;
				GCC_WARN_64_TO_32_BIT_CONVERSION = YES;
				GCC_WARN_ABOUT_RETURN_TYPE = YES_ERROR;
				GCC_WARN_UNDECLARED_SELECTOR = YES;
				GCC_WARN_UNINITIALIZED_AUTOS = YES_AGGRESSIVE;
				GCC_WARN_UNUSED_FUNCTION = YES;
				GCC_WARN_UNUSED_VARIABLE = YES;
				IPHONEOS_DEPLOYMENT_TARGET = 15.2;
				MTL_ENABLE_DEBUG_INFO = NO;
				MTL_FAST_MATH = YES;
				ONLY_ACTIVE_ARCH = NO;
				SDKROOT = iphoneos;
				SWIFT_COMPILATION_MODE = wholemodule;
				SWIFT_OPTIMIZATION_LEVEL = "-O";
				VALIDATE_PRODUCT = YES;
			};
			name = Release;
		};
		C9164FFC27D0F57500034102 /* Debug */ = {
			isa = XCBuildConfiguration;
			buildSettings = {
				ASSETCATALOG_COMPILER_APPICON_NAME = AppIcon;
				ASSETCATALOG_COMPILER_GLOBAL_ACCENT_COLOR_NAME = AccentColor;
				CODE_SIGN_IDENTITY = "Apple Development";
				CODE_SIGN_STYLE = Automatic;
				CURRENT_PROJECT_VERSION = 1;
				DEVELOPMENT_TEAM = "";
				GENERATE_INFOPLIST_FILE = YES;
				INFOPLIST_FILE = Navigation/Info.plist;
				INFOPLIST_KEY_UIApplicationSupportsIndirectInputEvents = YES;
				INFOPLIST_KEY_UILaunchStoryboardName = LaunchScreen;
				INFOPLIST_KEY_UISupportedInterfaceOrientations_iPad = "UIInterfaceOrientationPortrait UIInterfaceOrientationPortraitUpsideDown UIInterfaceOrientationLandscapeLeft UIInterfaceOrientationLandscapeRight";
				INFOPLIST_KEY_UISupportedInterfaceOrientations_iPhone = "UIInterfaceOrientationPortrait UIInterfaceOrientationLandscapeLeft UIInterfaceOrientationLandscapeRight";
				IPHONEOS_DEPLOYMENT_TARGET = 15.5;
				LD_RUNPATH_SEARCH_PATHS = (
					"$(inherited)",
					"@executable_path/Frameworks",
				);
				MARKETING_VERSION = 1.0;
				PRODUCT_BUNDLE_IDENTIFIER = "-.Navigation";
				PRODUCT_NAME = "$(TARGET_NAME)";
				PROVISIONING_PROFILE_SPECIFIER = "";
				SWIFT_EMIT_LOC_STRINGS = YES;
				SWIFT_VERSION = 5.0;
				TARGETED_DEVICE_FAMILY = 1;
			};
			name = Debug;
		};
		C9164FFD27D0F57500034102 /* Release */ = {
			isa = XCBuildConfiguration;
			buildSettings = {
				ASSETCATALOG_COMPILER_APPICON_NAME = AppIcon;
				ASSETCATALOG_COMPILER_GLOBAL_ACCENT_COLOR_NAME = AccentColor;
				CODE_SIGN_IDENTITY = "Apple Development";
				CODE_SIGN_STYLE = Automatic;
				CURRENT_PROJECT_VERSION = 1;
				DEVELOPMENT_TEAM = "";
				GENERATE_INFOPLIST_FILE = YES;
				INFOPLIST_FILE = Navigation/Info.plist;
				INFOPLIST_KEY_UIApplicationSupportsIndirectInputEvents = YES;
				INFOPLIST_KEY_UILaunchStoryboardName = LaunchScreen;
				INFOPLIST_KEY_UISupportedInterfaceOrientations_iPad = "UIInterfaceOrientationPortrait UIInterfaceOrientationPortraitUpsideDown UIInterfaceOrientationLandscapeLeft UIInterfaceOrientationLandscapeRight";
				INFOPLIST_KEY_UISupportedInterfaceOrientations_iPhone = "UIInterfaceOrientationPortrait UIInterfaceOrientationLandscapeLeft UIInterfaceOrientationLandscapeRight";
				IPHONEOS_DEPLOYMENT_TARGET = 15.5;
				LD_RUNPATH_SEARCH_PATHS = (
					"$(inherited)",
					"@executable_path/Frameworks",
				);
				MARKETING_VERSION = 1.0;
				PRODUCT_BUNDLE_IDENTIFIER = "-.Navigation";
				PRODUCT_NAME = "$(TARGET_NAME)";
				PROVISIONING_PROFILE_SPECIFIER = "";
				SWIFT_EMIT_LOC_STRINGS = YES;
				SWIFT_VERSION = 5.0;
				TARGETED_DEVICE_FAMILY = 1;
			};
			name = Release;
		};
/* End XCBuildConfiguration section */

/* Begin XCConfigurationList section */
		C90E05192837B888008C554C /* Build configuration list for PBXNativeTarget "StorageService" */ = {
			isa = XCConfigurationList;
			buildConfigurations = (
				C90E05172837B888008C554C /* Debug */,
				C90E05182837B888008C554C /* Release */,
			);
			defaultConfigurationIsVisible = 0;
			defaultConfigurationName = Release;
		};
		C9164FE227D0F57400034102 /* Build configuration list for PBXProject "Navigation" */ = {
			isa = XCConfigurationList;
			buildConfigurations = (
				C9164FF927D0F57500034102 /* Debug */,
				C9164FFA27D0F57500034102 /* Release */,
			);
			defaultConfigurationIsVisible = 0;
			defaultConfigurationName = Release;
		};
		C9164FFB27D0F57500034102 /* Build configuration list for PBXNativeTarget "Navigation" */ = {
			isa = XCConfigurationList;
			buildConfigurations = (
				C9164FFC27D0F57500034102 /* Debug */,
				C9164FFD27D0F57500034102 /* Release */,
			);
			defaultConfigurationIsVisible = 0;
			defaultConfigurationName = Release;
		};
/* End XCConfigurationList section */

/* Begin XCRemoteSwiftPackageReference section */
		C90DAC1F284A032A000A6675 /* XCRemoteSwiftPackageReference "iOSIntPackage" */ = {
			isa = XCRemoteSwiftPackageReference;
			repositoryURL = "https://github.com/TrueMax/iOSIntPackage.git";
			requirement = {
				branch = imagepublisher;
				kind = branch;
			};
		};
		C98F336B287CAB030064BB87 /* XCRemoteSwiftPackageReference "youtube-ios-player-helper" */ = {
			isa = XCRemoteSwiftPackageReference;
			repositoryURL = "https://github.com/youtube/youtube-ios-player-helper.git";
			requirement = {
				kind = upToNextMajorVersion;
				minimumVersion = 1.0.0;
			};
		};
		C9DFC23F283F3F6C00496850 /* XCRemoteSwiftPackageReference "iOSIntPackage" */ = {
			isa = XCRemoteSwiftPackageReference;
			repositoryURL = "https://github.com/TrueMax/iOSIntPackage.git";
			requirement = {
				kind = upToNextMajorVersion;
				minimumVersion = 3.2.3;
			};
		};
		C9F9C06B285E55BE005350CE /* XCRemoteSwiftPackageReference "SnapKit" */ = {
			isa = XCRemoteSwiftPackageReference;
			repositoryURL = "https://github.com/SnapKit/SnapKit.git";
			requirement = {
				kind = upToNextMinorVersion;
				minimumVersion = 5.6.0;
			};
		};
/* End XCRemoteSwiftPackageReference section */

/* Begin XCSwiftPackageProductDependency section */
		C90DAC20284A032A000A6675 /* iOSIntPackage */ = {
			isa = XCSwiftPackageProductDependency;
			package = C90DAC1F284A032A000A6675 /* XCRemoteSwiftPackageReference "iOSIntPackage" */;
			productName = iOSIntPackage;
		};
		C98F336C287CAB030064BB87 /* YouTubeiOSPlayerHelper */ = {
			isa = XCSwiftPackageProductDependency;
			package = C98F336B287CAB030064BB87 /* XCRemoteSwiftPackageReference "youtube-ios-player-helper" */;
			productName = YouTubeiOSPlayerHelper;
		};
		C9DFC240283F3F6C00496850 /* iOSIntPackage */ = {
			isa = XCSwiftPackageProductDependency;
			package = C9DFC23F283F3F6C00496850 /* XCRemoteSwiftPackageReference "iOSIntPackage" */;
			productName = iOSIntPackage;
		};
		C9F9C06C285E55BE005350CE /* SnapKit */ = {
			isa = XCSwiftPackageProductDependency;
			package = C9F9C06B285E55BE005350CE /* XCRemoteSwiftPackageReference "SnapKit" */;
			productName = SnapKit;
		};
/* End XCSwiftPackageProductDependency section */
	};
	rootObject = C9164FDF27D0F57400034102 /* Project object */;
}
