// !$*UTF8*$!
{
	archiveVersion = 1;
	classes = {
	};
	objectVersion = 55;
	objects = {

/* Begin PBXBuildFile section */
		C904D122289275FA00A1A363 /* DocumentImageViewController.swift in Sources */ = {isa = PBXBuildFile; fileRef = C904D121289275FA00A1A363 /* DocumentImageViewController.swift */; };
		C904D1382893D43500A1A363 /* DocumentsFlowCoordinator.swift in Sources */ = {isa = PBXBuildFile; fileRef = C904D1372893D42300A1A363 /* DocumentsFlowCoordinator.swift */; };
		C90E05112837B888008C554C /* StorageService.h in Headers */ = {isa = PBXBuildFile; fileRef = C90E05102837B888008C554C /* StorageService.h */; settings = {ATTRIBUTES = (Public, ); }; };
		C90E05142837B888008C554C /* StorageService.framework in Frameworks */ = {isa = PBXBuildFile; fileRef = C90E050E2837B888008C554C /* StorageService.framework */; };
		C90E05152837B888008C554C /* StorageService.framework in Embed Frameworks */ = {isa = PBXBuildFile; fileRef = C90E050E2837B888008C554C /* StorageService.framework */; settings = {ATTRIBUTES = (CodeSignOnCopy, RemoveHeadersOnCopy, ); }; };
		C90F7F38288290120001225C /* Observable.swift in Sources */ = {isa = PBXBuildFile; fileRef = C90F7F37288290120001225C /* Observable.swift */; };
		C9164FEB27D0F57400034102 /* AppDelegate.swift in Sources */ = {isa = PBXBuildFile; fileRef = C9164FEA27D0F57400034102 /* AppDelegate.swift */; };
		C9164FED27D0F57400034102 /* SceneDelegate.swift in Sources */ = {isa = PBXBuildFile; fileRef = C9164FEC27D0F57400034102 /* SceneDelegate.swift */; };
		C9164FF427D0F57500034102 /* Assets.xcassets in Resources */ = {isa = PBXBuildFile; fileRef = C9164FF327D0F57500034102 /* Assets.xcassets */; };
		C9164FF727D0F57500034102 /* LaunchScreen.storyboard in Resources */ = {isa = PBXBuildFile; fileRef = C9164FF527D0F57500034102 /* LaunchScreen.storyboard */; };
		C93C973C28DEEAA20070A383 /* Localizable.strings in Resources */ = {isa = PBXBuildFile; fileRef = C93C973E28DEEAA20070A383 /* Localizable.strings */; };
		C93C974328DEEAD80070A383 /* MyLoginFactory.strings in Resources */ = {isa = PBXBuildFile; fileRef = C93C974528DEEAD80070A383 /* MyLoginFactory.strings */; };
		C93C974A28DEF03A0070A383 /* FeedViewController.strings in Resources */ = {isa = PBXBuildFile; fileRef = C93C974C28DEF03A0070A383 /* FeedViewController.strings */; };
		C93C976028DF06780070A383 /* Localizable.stringsdict in Resources */ = {isa = PBXBuildFile; fileRef = C93C976228DF06780070A383 /* Localizable.stringsdict */; };
		C93E99282881D91900444336 /* TodoService.swift in Sources */ = {isa = PBXBuildFile; fileRef = C93E99272881D91900444336 /* TodoService.swift */; };
		C93E992A2881DB3000444336 /* InfoViewModel.swift in Sources */ = {isa = PBXBuildFile; fileRef = C93E99292881DB3000444336 /* InfoViewModel.swift */; };
		C93E992C2881E4E400444336 /* Todo.swift in Sources */ = {isa = PBXBuildFile; fileRef = C93E992B2881E4E400444336 /* Todo.swift */; };
		C9436632285B358500C706A4 /* FeedFlowCoordinator.swift in Sources */ = {isa = PBXBuildFile; fileRef = C9436631285B358400C706A4 /* FeedFlowCoordinator.swift */; };
		C9436662285BBF9400C706A4 /* FeedViewModel.swift in Sources */ = {isa = PBXBuildFile; fileRef = C9436661285BBF9400C706A4 /* FeedViewModel.swift */; };
		C94993D92863A02F003D80A2 /* LoginViewModel.swift in Sources */ = {isa = PBXBuildFile; fileRef = C94993D82863A02F003D80A2 /* LoginViewModel.swift */; };
		C94993DB2863A0F0003D80A2 /* BruteForce.swift in Sources */ = {isa = PBXBuildFile; fileRef = C94993DA2863A0F0003D80A2 /* BruteForce.swift */; };
		C94AEF25289A6FC70067AFBC /* PasswordViewController.swift in Sources */ = {isa = PBXBuildFile; fileRef = C94AEF24289A6FC70067AFBC /* PasswordViewController.swift */; };
		C94AEF2A289A835B0067AFBC /* KeychainHelper.swift in Sources */ = {isa = PBXBuildFile; fileRef = C94AEF29289A835B0067AFBC /* KeychainHelper.swift */; };
		C94AEF2C289A84DE0067AFBC /* Credentials.swift in Sources */ = {isa = PBXBuildFile; fileRef = C94AEF2B289A84DE0067AFBC /* Credentials.swift */; };
		C94AEF2E289AA1F70067AFBC /* PasswordViewModel.swift in Sources */ = {isa = PBXBuildFile; fileRef = C94AEF2D289AA1F70067AFBC /* PasswordViewModel.swift */; };
		C94C3C372841172100F4DE92 /* User.swift in Sources */ = {isa = PBXBuildFile; fileRef = C94C3C362841172100F4DE92 /* User.swift */; };
		C94C3C39284119DD00F4DE92 /* CurrentUserService.swift in Sources */ = {isa = PBXBuildFile; fileRef = C94C3C38284119DD00F4DE92 /* CurrentUserService.swift */; };
		C94FB4C927D884B4005ABB47 /* ProfileHeaderView.swift in Sources */ = {isa = PBXBuildFile; fileRef = C94FB4C827D884B4005ABB47 /* ProfileHeaderView.swift */; };
		C960815F285094D3009444DA /* CustomButton.swift in Sources */ = {isa = PBXBuildFile; fileRef = C960815E285094D3009444DA /* CustomButton.swift */; };
		C96081612850B5CC009444DA /* Password.swift in Sources */ = {isa = PBXBuildFile; fileRef = C96081602850B5CC009444DA /* Password.swift */; };
		C9661156285C75C200F9DBD9 /* PhotoCoordinator.swift in Sources */ = {isa = PBXBuildFile; fileRef = C9661155285C75C200F9DBD9 /* PhotoCoordinator.swift */; };
		C9661158285C75E300F9DBD9 /* PhotoViewModel.swift in Sources */ = {isa = PBXBuildFile; fileRef = C9661157285C75E300F9DBD9 /* PhotoViewModel.swift */; };
		C9661160285C78E400F9DBD9 /* PostService.swift in Sources */ = {isa = PBXBuildFile; fileRef = C966115F285C78E400F9DBD9 /* PostService.swift */; };
		C9661161285C7B2100F9DBD9 /* Post.swift in Sources */ = {isa = PBXBuildFile; fileRef = C950451627D7C0530091A844 /* Post.swift */; };
		C9661165285C7E4700F9DBD9 /* PostViewModel.swift in Sources */ = {isa = PBXBuildFile; fileRef = C9661164285C7E4700F9DBD9 /* PostViewModel.swift */; };
		C9669CAF290FF41100AEB768 /* LocalAuthorizationService.swift in Sources */ = {isa = PBXBuildFile; fileRef = C9669CAE290FF41100AEB768 /* LocalAuthorizationService.swift */; };
		C98F335E287C6C530064BB87 /* MusicViewModel.swift in Sources */ = {isa = PBXBuildFile; fileRef = C98F335D287C6C530064BB87 /* MusicViewModel.swift */; };
		C98F3364287C8C670064BB87 /* 3.mp3 in Resources */ = {isa = PBXBuildFile; fileRef = C98F335F287C8C650064BB87 /* 3.mp3 */; };
		C98F3365287C8C670064BB87 /* 1.mp3 in Resources */ = {isa = PBXBuildFile; fileRef = C98F3360287C8C660064BB87 /* 1.mp3 */; };
		C98F3366287C8C670064BB87 /* 2.mp3 in Resources */ = {isa = PBXBuildFile; fileRef = C98F3361287C8C660064BB87 /* 2.mp3 */; };
		C98F3367287C8C670064BB87 /* 4.mp3 in Resources */ = {isa = PBXBuildFile; fileRef = C98F3362287C8C670064BB87 /* 4.mp3 */; };
		C98F3368287C8C670064BB87 /* 5.mp3 in Resources */ = {isa = PBXBuildFile; fileRef = C98F3363287C8C670064BB87 /* 5.mp3 */; };
		C98F336A287CA44F0064BB87 /* VideoViewModel.swift in Sources */ = {isa = PBXBuildFile; fileRef = C98F3369287CA44F0064BB87 /* VideoViewModel.swift */; };
		C98F336D287CAB030064BB87 /* YouTubeiOSPlayerHelper in Frameworks */ = {isa = PBXBuildFile; productRef = C98F336C287CAB030064BB87 /* YouTubeiOSPlayerHelper */; };
		C98F336F287CB32A0064BB87 /* VideoPlayerViewController.swift in Sources */ = {isa = PBXBuildFile; fileRef = C98F336E287CB32A0064BB87 /* VideoPlayerViewController.swift */; };
		C99885B228DB121F00C3A892 /* SwiftCrypto in Frameworks */ = {isa = PBXBuildFile; productRef = C9DECDBF28BF5E0C00EC7A4C /* SwiftCrypto */; };
		C99885B528DB127F00C3A892 /* MapViewController.swift in Sources */ = {isa = PBXBuildFile; fileRef = C99885B428DB127F00C3A892 /* MapViewController.swift */; };
		C99885B728DB4DFE00C3A892 /* Location.swift in Sources */ = {isa = PBXBuildFile; fileRef = C99885B628DB4DFE00C3A892 /* Location.swift */; };
		C99885B928DB4F4300C3A892 /* MapPresenter.swift in Sources */ = {isa = PBXBuildFile; fileRef = C99885B828DB4F4300C3A892 /* MapPresenter.swift */; };
		C99A81EF27EDD9B90080B6A5 /* PhotoTableViewCell.swift in Sources */ = {isa = PBXBuildFile; fileRef = C99A81EE27EDD9B90080B6A5 /* PhotoTableViewCell.swift */; };
		C99A81F227EE3AF30080B6A5 /* PhotosViewController.swift in Sources */ = {isa = PBXBuildFile; fileRef = C99A81F127EE3AF30080B6A5 /* PhotosViewController.swift */; };
		C99A81F527EE47810080B6A5 /* PhotoCollectionViewCell.swift in Sources */ = {isa = PBXBuildFile; fileRef = C99A81F427EE47810080B6A5 /* PhotoCollectionViewCell.swift */; };
		C99FB735289C226200386A1B /* SettingViewController.swift in Sources */ = {isa = PBXBuildFile; fileRef = C99FB734289C226200386A1B /* SettingViewController.swift */; };
		C99FB73B289C4F9E00386A1B /* SettingTableViewCell.swift in Sources */ = {isa = PBXBuildFile; fileRef = C99FB73A289C4F9E00386A1B /* SettingTableViewCell.swift */; };
		C99FB73F289CDA2200386A1B /* SettingChangePasswordViewController.swift in Sources */ = {isa = PBXBuildFile; fileRef = C99FB73E289CDA2200386A1B /* SettingChangePasswordViewController.swift */; };
		C99FB743289E6C6600386A1B /* PasswordCheckService.swift in Sources */ = {isa = PBXBuildFile; fileRef = C99FB742289E6C6600386A1B /* PasswordCheckService.swift */; };
		C99FB747289E86F600386A1B /* SwitchTableViewCell.swift in Sources */ = {isa = PBXBuildFile; fileRef = C99FB746289E86F600386A1B /* SwitchTableViewCell.swift */; };
		C9A3881C27E5C70700CE4307 /* LoginViewController.swift in Sources */ = {isa = PBXBuildFile; fileRef = C9A3881B27E5C70700CE4307 /* LoginViewController.swift */; };
		C9A3884027E6692100CE4307 /* CustomField.swift in Sources */ = {isa = PBXBuildFile; fileRef = C9A3883F27E6692100CE4307 /* CustomField.swift */; };
		C9A3884227E676A700CE4307 /* PostTableViewCell.swift in Sources */ = {isa = PBXBuildFile; fileRef = C9A3884127E676A700CE4307 /* PostTableViewCell.swift */; };
		C9A3884427E67DCA00CE4307 /* Extensions.swift in Sources */ = {isa = PBXBuildFile; fileRef = C9A3884327E67DCA00CE4307 /* Extensions.swift */; };
		C9AB5067284659D3001DF1CC /* Checker.swift in Sources */ = {isa = PBXBuildFile; fileRef = C9AB5066284659D3001DF1CC /* Checker.swift */; };
		C9AB506928465DC8001DF1CC /* LoginInspector.swift in Sources */ = {isa = PBXBuildFile; fileRef = C9AB506828465DC8001DF1CC /* LoginInspector.swift */; };
		C9AB506B284668BB001DF1CC /* LoginFactory.swift in Sources */ = {isa = PBXBuildFile; fileRef = C9AB506A284668BB001DF1CC /* LoginFactory.swift */; };
		C9AB506D28466918001DF1CC /* MyLoginFactory.swift in Sources */ = {isa = PBXBuildFile; fileRef = C9AB506C28466918001DF1CC /* MyLoginFactory.swift */; };
		C9ABC90528620292002684A1 /* Photo.swift in Sources */ = {isa = PBXBuildFile; fileRef = C9ABC90428620292002684A1 /* Photo.swift */; };
		C9ABC90828624931002684A1 /* LoginView.swift in Sources */ = {isa = PBXBuildFile; fileRef = C9ABC90728624931002684A1 /* LoginView.swift */; };
		C9ABCCF9288AB5AA00D17E00 /* FirebaseAuth in Frameworks */ = {isa = PBXBuildFile; productRef = C9ABCCF8288AB5AA00D17E00 /* FirebaseAuth */; };
		C9ABCCFE288AC7E300D17E00 /* ProfileFlowCoorinator.swift in Sources */ = {isa = PBXBuildFile; fileRef = C9ABCCFD288AC7E300D17E00 /* ProfileFlowCoorinator.swift */; };
		C9B1C33028902AE4005C6C35 /* DocumentsViewController.swift in Sources */ = {isa = PBXBuildFile; fileRef = C9B1C32F28902AE4005C6C35 /* DocumentsViewController.swift */; };
		C9B1C3382890397D005C6C35 /* DocumentsViewModel.swift in Sources */ = {isa = PBXBuildFile; fileRef = C9B1C3372890397D005C6C35 /* DocumentsViewModel.swift */; };
		C9B1C33A28903AD5005C6C35 /* DocumentService.swift in Sources */ = {isa = PBXBuildFile; fileRef = C9B1C33928903AD5005C6C35 /* DocumentService.swift */; };
		C9B1C33C28903B95005C6C35 /* Document.swift in Sources */ = {isa = PBXBuildFile; fileRef = C9B1C33B28903B95005C6C35 /* Document.swift */; };
		C9B2F5002889C74D00655583 /* GoogleService-Info.plist in Resources */ = {isa = PBXBuildFile; fileRef = C9B2F4FF2889C74D00655583 /* GoogleService-Info.plist */; };
		C9B2F5022889C9C700655583 /* CheckerService.swift in Sources */ = {isa = PBXBuildFile; fileRef = C9B2F5012889C9C700655583 /* CheckerService.swift */; };
		C9B6069528AA6BC700DA7F92 /* MigrationService.swift in Sources */ = {isa = PBXBuildFile; fileRef = C9B6069428AA6BC700DA7F92 /* MigrationService.swift */; };
		C9B6069728AA6C1200DA7F92 /* Sring+extension.swift in Sources */ = {isa = PBXBuildFile; fileRef = C9B6069628AA6C1200DA7F92 /* Sring+extension.swift */; };
		C9B6069C28AA6E2F00DA7F92 /* FavoriteViewController.swift in Sources */ = {isa = PBXBuildFile; fileRef = C9B6069B28AA6E2F00DA7F92 /* FavoriteViewController.swift */; };
		C9B6069F28AA6F3200DA7F92 /* CoreDataModel.xcdatamodeld in Sources */ = {isa = PBXBuildFile; fileRef = C9B6069D28AA6F3200DA7F92 /* CoreDataModel.xcdatamodeld */; };
		C9B606A128AABCA000DA7F92 /* NSNotification.Name+extension.swift in Sources */ = {isa = PBXBuildFile; fileRef = C9B606A028AABCA000DA7F92 /* NSNotification.Name+extension.swift */; };
		C9B606A428AB605300DA7F92 /* FavoriteCell.swift in Sources */ = {isa = PBXBuildFile; fileRef = C9B606A328AB605300DA7F92 /* FavoriteCell.swift */; };
		C9B6B38128830B010056971D /* Planet.swift in Sources */ = {isa = PBXBuildFile; fileRef = C9B6B38028830B010056971D /* Planet.swift */; };
		C9B6B38328830BB50056971D /* PlanetService.swift in Sources */ = {isa = PBXBuildFile; fileRef = C9B6B38228830BB50056971D /* PlanetService.swift */; };
		C9B6B385288322E20056971D /* Resident.swift in Sources */ = {isa = PBXBuildFile; fileRef = C9B6B384288322E20056971D /* Resident.swift */; };
		C9B6B387288323340056971D /* ResidentService.swift in Sources */ = {isa = PBXBuildFile; fileRef = C9B6B386288323340056971D /* ResidentService.swift */; };
		C9C466DB288F0025004666F0 /* Constants.swift in Sources */ = {isa = PBXBuildFile; fileRef = C9C466DA288F0025004666F0 /* Constants.swift */; };
		C9C4A4972858E42E007338FE /* MainCoordinatorProtocol.swift in Sources */ = {isa = PBXBuildFile; fileRef = C9C4A4962858E42E007338FE /* MainCoordinatorProtocol.swift */; };
		C9C4A4992859B178007338FE /* MainCoordinator.swift in Sources */ = {isa = PBXBuildFile; fileRef = C9C4A4982859B178007338FE /* MainCoordinator.swift */; };
		C9C4A4A12859E53D007338FE /* ModuleFactory.swift in Sources */ = {isa = PBXBuildFile; fileRef = C9C4A4A02859E53D007338FE /* ModuleFactory.swift */; };
		C9C6E6D9287D9A5800FB3069 /* NetworkService.swift in Sources */ = {isa = PBXBuildFile; fileRef = C9C6E6D8287D9A5800FB3069 /* NetworkService.swift */; };
		C9C6E6DB287D9FD300FB3069 /* AppConfiguration.swift in Sources */ = {isa = PBXBuildFile; fileRef = C9C6E6DA287D9FD300FB3069 /* AppConfiguration.swift */; };
		C9CB44F828A1806A0021AF58 /* AuthViewController.swift in Sources */ = {isa = PBXBuildFile; fileRef = C9CB44F728A1806A0021AF58 /* AuthViewController.swift */; };
		C9CB44FA28A18EDD0021AF58 /* AuthService.swift in Sources */ = {isa = PBXBuildFile; fileRef = C9CB44F928A18EDD0021AF58 /* AuthService.swift */; };
		C9CB44FD28A191AF0021AF58 /* AuthViewModel.swift in Sources */ = {isa = PBXBuildFile; fileRef = C9CB44FC28A191AF0021AF58 /* AuthViewModel.swift */; };
		C9CB450428A198F60021AF58 /* Storable.swift in Sources */ = {isa = PBXBuildFile; fileRef = C9CB450328A198F60021AF58 /* Storable.swift */; };
		C9CB450728A199F50021AF58 /* Realm in Frameworks */ = {isa = PBXBuildFile; productRef = C9CB450628A199F50021AF58 /* Realm */; };
		C9CB450928A199F50021AF58 /* RealmSwift in Frameworks */ = {isa = PBXBuildFile; productRef = C9CB450828A199F50021AF58 /* RealmSwift */; };
		C9CB450C28A19A940021AF58 /* RealmCoordinator.swift in Sources */ = {isa = PBXBuildFile; fileRef = C9CB450B28A19A940021AF58 /* RealmCoordinator.swift */; };
		C9CB450E28A19BCD0021AF58 /* DatabaseCoordinatable.swift in Sources */ = {isa = PBXBuildFile; fileRef = C9CB450D28A19BCD0021AF58 /* DatabaseCoordinatable.swift */; };
		C9CB451128A1A4190021AF58 /* UserRealmModel.swift in Sources */ = {isa = PBXBuildFile; fileRef = C9CB451028A1A4190021AF58 /* UserRealmModel.swift */; };
		C9D204632844DD37005D108A /* TestUserService.swift in Sources */ = {isa = PBXBuildFile; fileRef = C9D204622844DD37005D108A /* TestUserService.swift */; };
		C9D315D82875C99A00DE52BC /* MusicViewController.swift in Sources */ = {isa = PBXBuildFile; fileRef = C9D315D72875C99A00DE52BC /* MusicViewController.swift */; };
		C9D315DC2875CFA300DE52BC /* VideoViewController.swift in Sources */ = {isa = PBXBuildFile; fileRef = C9D315DB2875CFA300DE52BC /* VideoViewController.swift */; };
		C9D5EE5D28A6A118008C318D /* CoreDataCoordinator.swift in Sources */ = {isa = PBXBuildFile; fileRef = C9D5EE5C28A6A118008C318D /* CoreDataCoordinator.swift */; };
		C9DFC241283F3F6C00496850 /* iOSIntPackage in Frameworks */ = {isa = PBXBuildFile; productRef = C9DFC240283F3F6C00496850 /* iOSIntPackage */; };
		C9E0AF43288FA1CB002F3EDC /* Color.swift in Sources */ = {isa = PBXBuildFile; fileRef = C9E0AF42288FA1CB002F3EDC /* Color.swift */; };
		C9E1AA7327D0FBCB0021A97A /* ProfileViewController.swift in Sources */ = {isa = PBXBuildFile; fileRef = C9E1AA7227D0FBCB0021A97A /* ProfileViewController.swift */; };
		C9E1AA7527D0FBF60021A97A /* PostViewController.swift in Sources */ = {isa = PBXBuildFile; fileRef = C9E1AA7427D0FBF60021A97A /* PostViewController.swift */; };
		C9E1AA7727D0FC240021A97A /* InfoViewController.swift in Sources */ = {isa = PBXBuildFile; fileRef = C9E1AA7627D0FC240021A97A /* InfoViewController.swift */; };
		C9E1AA7927D0FC510021A97A /* FeedViewController.swift in Sources */ = {isa = PBXBuildFile; fileRef = C9E1AA7827D0FC510021A97A /* FeedViewController.swift */; };
		C9E1AA7B27D0FC9D0021A97A /* TabBarController.swift in Sources */ = {isa = PBXBuildFile; fileRef = C9E1AA7A27D0FC9D0021A97A /* TabBarController.swift */; };
		C9F9C06D285E55BE005350CE /* SnapKit in Frameworks */ = {isa = PBXBuildFile; productRef = C9F9C06C285E55BE005350CE /* SnapKit */; };
/* End PBXBuildFile section */

/* Begin PBXContainerItemProxy section */
		C90E05122837B888008C554C /* PBXContainerItemProxy */ = {
			isa = PBXContainerItemProxy;
			containerPortal = C9164FDF27D0F57400034102 /* Project object */;
			proxyType = 1;
			remoteGlobalIDString = C90E050D2837B888008C554C;
			remoteInfo = StorageService;
		};
/* End PBXContainerItemProxy section */

/* Begin PBXCopyFilesBuildPhase section */
		C90E05162837B888008C554C /* Embed Frameworks */ = {
			isa = PBXCopyFilesBuildPhase;
			buildActionMask = 2147483647;
			dstPath = "";
			dstSubfolderSpec = 10;
			files = (
				C90E05152837B888008C554C /* StorageService.framework in Embed Frameworks */,
			);
			name = "Embed Frameworks";
			runOnlyForDeploymentPostprocessing = 0;
		};
/* End PBXCopyFilesBuildPhase section */

/* Begin PBXFileReference section */
		C904D121289275FA00A1A363 /* DocumentImageViewController.swift */ = {isa = PBXFileReference; lastKnownFileType = sourcecode.swift; path = DocumentImageViewController.swift; sourceTree = "<group>"; };
		C904D1372893D42300A1A363 /* DocumentsFlowCoordinator.swift */ = {isa = PBXFileReference; lastKnownFileType = sourcecode.swift; path = DocumentsFlowCoordinator.swift; sourceTree = "<group>"; };
		C90E050E2837B888008C554C /* StorageService.framework */ = {isa = PBXFileReference; explicitFileType = wrapper.framework; includeInIndex = 0; path = StorageService.framework; sourceTree = BUILT_PRODUCTS_DIR; };
		C90E05102837B888008C554C /* StorageService.h */ = {isa = PBXFileReference; lastKnownFileType = sourcecode.c.h; path = StorageService.h; sourceTree = "<group>"; };
		C90F7F37288290120001225C /* Observable.swift */ = {isa = PBXFileReference; lastKnownFileType = sourcecode.swift; path = Observable.swift; sourceTree = "<group>"; };
		C9164FE727D0F57400034102 /* Navigation.app */ = {isa = PBXFileReference; explicitFileType = wrapper.application; includeInIndex = 0; path = Navigation.app; sourceTree = BUILT_PRODUCTS_DIR; };
		C9164FEA27D0F57400034102 /* AppDelegate.swift */ = {isa = PBXFileReference; lastKnownFileType = sourcecode.swift; path = AppDelegate.swift; sourceTree = "<group>"; };
		C9164FEC27D0F57400034102 /* SceneDelegate.swift */ = {isa = PBXFileReference; lastKnownFileType = sourcecode.swift; path = SceneDelegate.swift; sourceTree = "<group>"; };
		C9164FF327D0F57500034102 /* Assets.xcassets */ = {isa = PBXFileReference; lastKnownFileType = folder.assetcatalog; path = Assets.xcassets; sourceTree = "<group>"; };
		C9164FF627D0F57500034102 /* Base */ = {isa = PBXFileReference; lastKnownFileType = file.storyboard; name = Base; path = Base.lproj/LaunchScreen.storyboard; sourceTree = "<group>"; };
		C9164FF827D0F57500034102 /* Info.plist */ = {isa = PBXFileReference; lastKnownFileType = text.plist.xml; path = Info.plist; sourceTree = "<group>"; };
		C93C973128DEE0E30070A383 /* ru */ = {isa = PBXFileReference; lastKnownFileType = text.plist.strings; name = ru; path = ru.lproj/LaunchScreen.strings; sourceTree = "<group>"; };
		C93C973228DEE3C80070A383 /* zh-Hans */ = {isa = PBXFileReference; lastKnownFileType = text.plist.strings; name = "zh-Hans"; path = "zh-Hans.lproj/LaunchScreen.strings"; sourceTree = "<group>"; };
		C93C973D28DEEAA20070A383 /* en */ = {isa = PBXFileReference; lastKnownFileType = text.plist.strings; name = en; path = en.lproj/Localizable.strings; sourceTree = "<group>"; };
		C93C973F28DEEAA70070A383 /* zh-Hans */ = {isa = PBXFileReference; lastKnownFileType = text.plist.strings; name = "zh-Hans"; path = "zh-Hans.lproj/Localizable.strings"; sourceTree = "<group>"; };
		C93C974028DEEAA80070A383 /* ru */ = {isa = PBXFileReference; lastKnownFileType = text.plist.strings; name = ru; path = ru.lproj/Localizable.strings; sourceTree = "<group>"; };
		C93C974428DEEAD80070A383 /* en */ = {isa = PBXFileReference; lastKnownFileType = text.plist.strings; name = en; path = en.lproj/MyLoginFactory.strings; sourceTree = "<group>"; };
		C93C974628DEEADC0070A383 /* zh-Hans */ = {isa = PBXFileReference; lastKnownFileType = text.plist.strings; name = "zh-Hans"; path = "zh-Hans.lproj/MyLoginFactory.strings"; sourceTree = "<group>"; };
		C93C974728DEEADE0070A383 /* ru */ = {isa = PBXFileReference; lastKnownFileType = text.plist.strings; name = ru; path = ru.lproj/MyLoginFactory.strings; sourceTree = "<group>"; };
		C93C974B28DEF03A0070A383 /* en */ = {isa = PBXFileReference; lastKnownFileType = text.plist.strings; name = en; path = en.lproj/FeedViewController.strings; sourceTree = "<group>"; };
		C93C974D28DEF03E0070A383 /* zh-Hans */ = {isa = PBXFileReference; lastKnownFileType = text.plist.strings; name = "zh-Hans"; path = "zh-Hans.lproj/FeedViewController.strings"; sourceTree = "<group>"; };
		C93C974E28DEF0400070A383 /* ru */ = {isa = PBXFileReference; lastKnownFileType = text.plist.strings; name = ru; path = ru.lproj/FeedViewController.strings; sourceTree = "<group>"; };
		C93C976128DF06780070A383 /* en */ = {isa = PBXFileReference; lastKnownFileType = text.plist.stringsdict; name = en; path = en.lproj/Localizable.stringsdict; sourceTree = "<group>"; };
		C93C976328DF067B0070A383 /* ru */ = {isa = PBXFileReference; lastKnownFileType = text.plist.stringsdict; name = ru; path = ru.lproj/Localizable.stringsdict; sourceTree = "<group>"; };
		C93E99272881D91900444336 /* TodoService.swift */ = {isa = PBXFileReference; lastKnownFileType = sourcecode.swift; path = TodoService.swift; sourceTree = "<group>"; };
		C93E99292881DB3000444336 /* InfoViewModel.swift */ = {isa = PBXFileReference; lastKnownFileType = sourcecode.swift; path = InfoViewModel.swift; sourceTree = "<group>"; };
		C93E992B2881E4E400444336 /* Todo.swift */ = {isa = PBXFileReference; lastKnownFileType = sourcecode.swift; path = Todo.swift; sourceTree = "<group>"; };
		C9436631285B358400C706A4 /* FeedFlowCoordinator.swift */ = {isa = PBXFileReference; lastKnownFileType = sourcecode.swift; path = FeedFlowCoordinator.swift; sourceTree = "<group>"; };
		C9436661285BBF9400C706A4 /* FeedViewModel.swift */ = {isa = PBXFileReference; lastKnownFileType = sourcecode.swift; path = FeedViewModel.swift; sourceTree = "<group>"; };
		C94993D82863A02F003D80A2 /* LoginViewModel.swift */ = {isa = PBXFileReference; lastKnownFileType = sourcecode.swift; path = LoginViewModel.swift; sourceTree = "<group>"; };
		C94993DA2863A0F0003D80A2 /* BruteForce.swift */ = {isa = PBXFileReference; lastKnownFileType = sourcecode.swift; path = BruteForce.swift; sourceTree = "<group>"; };
		C94AEF24289A6FC70067AFBC /* PasswordViewController.swift */ = {isa = PBXFileReference; lastKnownFileType = sourcecode.swift; path = PasswordViewController.swift; sourceTree = "<group>"; };
		C94AEF29289A835B0067AFBC /* KeychainHelper.swift */ = {isa = PBXFileReference; lastKnownFileType = sourcecode.swift; path = KeychainHelper.swift; sourceTree = "<group>"; };
		C94AEF2B289A84DE0067AFBC /* Credentials.swift */ = {isa = PBXFileReference; lastKnownFileType = sourcecode.swift; path = Credentials.swift; sourceTree = "<group>"; };
		C94AEF2D289AA1F70067AFBC /* PasswordViewModel.swift */ = {isa = PBXFileReference; lastKnownFileType = sourcecode.swift; path = PasswordViewModel.swift; sourceTree = "<group>"; };
		C94C3C362841172100F4DE92 /* User.swift */ = {isa = PBXFileReference; lastKnownFileType = sourcecode.swift; path = User.swift; sourceTree = "<group>"; };
		C94C3C38284119DD00F4DE92 /* CurrentUserService.swift */ = {isa = PBXFileReference; lastKnownFileType = sourcecode.swift; path = CurrentUserService.swift; sourceTree = "<group>"; };
		C94FB4C827D884B4005ABB47 /* ProfileHeaderView.swift */ = {isa = PBXFileReference; lastKnownFileType = sourcecode.swift; path = ProfileHeaderView.swift; sourceTree = "<group>"; };
		C950451627D7C0530091A844 /* Post.swift */ = {isa = PBXFileReference; lastKnownFileType = sourcecode.swift; path = Post.swift; sourceTree = "<group>"; };
		C960815E285094D3009444DA /* CustomButton.swift */ = {isa = PBXFileReference; lastKnownFileType = sourcecode.swift; path = CustomButton.swift; sourceTree = "<group>"; };
		C96081602850B5CC009444DA /* Password.swift */ = {isa = PBXFileReference; lastKnownFileType = sourcecode.swift; path = Password.swift; sourceTree = "<group>"; };
		C9661155285C75C200F9DBD9 /* PhotoCoordinator.swift */ = {isa = PBXFileReference; lastKnownFileType = sourcecode.swift; path = PhotoCoordinator.swift; sourceTree = "<group>"; };
		C9661157285C75E300F9DBD9 /* PhotoViewModel.swift */ = {isa = PBXFileReference; lastKnownFileType = sourcecode.swift; path = PhotoViewModel.swift; sourceTree = "<group>"; };
		C966115F285C78E400F9DBD9 /* PostService.swift */ = {isa = PBXFileReference; lastKnownFileType = sourcecode.swift; path = PostService.swift; sourceTree = "<group>"; };
		C9661164285C7E4700F9DBD9 /* PostViewModel.swift */ = {isa = PBXFileReference; lastKnownFileType = sourcecode.swift; path = PostViewModel.swift; sourceTree = "<group>"; };
		C9669CAE290FF41100AEB768 /* LocalAuthorizationService.swift */ = {isa = PBXFileReference; lastKnownFileType = sourcecode.swift; path = LocalAuthorizationService.swift; sourceTree = "<group>"; };
		C98F335D287C6C530064BB87 /* MusicViewModel.swift */ = {isa = PBXFileReference; lastKnownFileType = sourcecode.swift; path = MusicViewModel.swift; sourceTree = "<group>"; };
		C98F335F287C8C650064BB87 /* 3.mp3 */ = {isa = PBXFileReference; lastKnownFileType = audio.mp3; path = 3.mp3; sourceTree = "<group>"; };
		C98F3360287C8C660064BB87 /* 1.mp3 */ = {isa = PBXFileReference; lastKnownFileType = audio.mp3; path = 1.mp3; sourceTree = "<group>"; };
		C98F3361287C8C660064BB87 /* 2.mp3 */ = {isa = PBXFileReference; lastKnownFileType = audio.mp3; path = 2.mp3; sourceTree = "<group>"; };
		C98F3362287C8C670064BB87 /* 4.mp3 */ = {isa = PBXFileReference; lastKnownFileType = audio.mp3; path = 4.mp3; sourceTree = "<group>"; };
		C98F3363287C8C670064BB87 /* 5.mp3 */ = {isa = PBXFileReference; lastKnownFileType = audio.mp3; path = 5.mp3; sourceTree = "<group>"; };
		C98F3369287CA44F0064BB87 /* VideoViewModel.swift */ = {isa = PBXFileReference; lastKnownFileType = sourcecode.swift; path = VideoViewModel.swift; sourceTree = "<group>"; };
		C98F336E287CB32A0064BB87 /* VideoPlayerViewController.swift */ = {isa = PBXFileReference; lastKnownFileType = sourcecode.swift; path = VideoPlayerViewController.swift; sourceTree = "<group>"; };
		C99885B428DB127F00C3A892 /* MapViewController.swift */ = {isa = PBXFileReference; lastKnownFileType = sourcecode.swift; path = MapViewController.swift; sourceTree = "<group>"; };
		C99885B628DB4DFE00C3A892 /* Location.swift */ = {isa = PBXFileReference; lastKnownFileType = sourcecode.swift; path = Location.swift; sourceTree = "<group>"; };
		C99885B828DB4F4300C3A892 /* MapPresenter.swift */ = {isa = PBXFileReference; lastKnownFileType = sourcecode.swift; path = MapPresenter.swift; sourceTree = "<group>"; };
		C99A81EE27EDD9B90080B6A5 /* PhotoTableViewCell.swift */ = {isa = PBXFileReference; lastKnownFileType = sourcecode.swift; path = PhotoTableViewCell.swift; sourceTree = "<group>"; };
		C99A81F127EE3AF30080B6A5 /* PhotosViewController.swift */ = {isa = PBXFileReference; lastKnownFileType = sourcecode.swift; path = PhotosViewController.swift; sourceTree = "<group>"; };
		C99A81F427EE47810080B6A5 /* PhotoCollectionViewCell.swift */ = {isa = PBXFileReference; lastKnownFileType = sourcecode.swift; path = PhotoCollectionViewCell.swift; sourceTree = "<group>"; };
		C99FB734289C226200386A1B /* SettingViewController.swift */ = {isa = PBXFileReference; lastKnownFileType = sourcecode.swift; path = SettingViewController.swift; sourceTree = "<group>"; };
		C99FB73A289C4F9E00386A1B /* SettingTableViewCell.swift */ = {isa = PBXFileReference; lastKnownFileType = sourcecode.swift; path = SettingTableViewCell.swift; sourceTree = "<group>"; };
		C99FB73E289CDA2200386A1B /* SettingChangePasswordViewController.swift */ = {isa = PBXFileReference; lastKnownFileType = sourcecode.swift; path = SettingChangePasswordViewController.swift; sourceTree = "<group>"; };
		C99FB742289E6C6600386A1B /* PasswordCheckService.swift */ = {isa = PBXFileReference; lastKnownFileType = sourcecode.swift; path = PasswordCheckService.swift; sourceTree = "<group>"; };
		C99FB746289E86F600386A1B /* SwitchTableViewCell.swift */ = {isa = PBXFileReference; lastKnownFileType = sourcecode.swift; path = SwitchTableViewCell.swift; sourceTree = "<group>"; };
		C9A3881B27E5C70700CE4307 /* LoginViewController.swift */ = {isa = PBXFileReference; lastKnownFileType = sourcecode.swift; path = LoginViewController.swift; sourceTree = "<group>"; };
		C9A3883F27E6692100CE4307 /* CustomField.swift */ = {isa = PBXFileReference; lastKnownFileType = sourcecode.swift; path = CustomField.swift; sourceTree = "<group>"; };
		C9A3884127E676A700CE4307 /* PostTableViewCell.swift */ = {isa = PBXFileReference; lastKnownFileType = sourcecode.swift; path = PostTableViewCell.swift; sourceTree = "<group>"; };
		C9A3884327E67DCA00CE4307 /* Extensions.swift */ = {isa = PBXFileReference; lastKnownFileType = sourcecode.swift; path = Extensions.swift; sourceTree = "<group>"; };
		C9AB5066284659D3001DF1CC /* Checker.swift */ = {isa = PBXFileReference; lastKnownFileType = sourcecode.swift; path = Checker.swift; sourceTree = "<group>"; };
		C9AB506828465DC8001DF1CC /* LoginInspector.swift */ = {isa = PBXFileReference; lastKnownFileType = sourcecode.swift; path = LoginInspector.swift; sourceTree = "<group>"; };
		C9AB506A284668BB001DF1CC /* LoginFactory.swift */ = {isa = PBXFileReference; lastKnownFileType = sourcecode.swift; path = LoginFactory.swift; sourceTree = "<group>"; };
		C9AB506C28466918001DF1CC /* MyLoginFactory.swift */ = {isa = PBXFileReference; lastKnownFileType = sourcecode.swift; path = MyLoginFactory.swift; sourceTree = "<group>"; };
		C9ABC90428620292002684A1 /* Photo.swift */ = {isa = PBXFileReference; lastKnownFileType = sourcecode.swift; path = Photo.swift; sourceTree = "<group>"; };
		C9ABC90728624931002684A1 /* LoginView.swift */ = {isa = PBXFileReference; lastKnownFileType = sourcecode.swift; path = LoginView.swift; sourceTree = "<group>"; };
		C9ABCCFD288AC7E300D17E00 /* ProfileFlowCoorinator.swift */ = {isa = PBXFileReference; lastKnownFileType = sourcecode.swift; path = ProfileFlowCoorinator.swift; sourceTree = "<group>"; };
		C9B1C32F28902AE4005C6C35 /* DocumentsViewController.swift */ = {isa = PBXFileReference; lastKnownFileType = sourcecode.swift; path = DocumentsViewController.swift; sourceTree = "<group>"; };
		C9B1C3372890397D005C6C35 /* DocumentsViewModel.swift */ = {isa = PBXFileReference; lastKnownFileType = sourcecode.swift; path = DocumentsViewModel.swift; sourceTree = "<group>"; };
		C9B1C33928903AD5005C6C35 /* DocumentService.swift */ = {isa = PBXFileReference; lastKnownFileType = sourcecode.swift; path = DocumentService.swift; sourceTree = "<group>"; };
		C9B1C33B28903B95005C6C35 /* Document.swift */ = {isa = PBXFileReference; lastKnownFileType = sourcecode.swift; path = Document.swift; sourceTree = "<group>"; };
		C9B2F4FF2889C74D00655583 /* GoogleService-Info.plist */ = {isa = PBXFileReference; fileEncoding = 4; lastKnownFileType = text.plist.xml; path = "GoogleService-Info.plist"; sourceTree = "<group>"; };
		C9B2F5012889C9C700655583 /* CheckerService.swift */ = {isa = PBXFileReference; lastKnownFileType = sourcecode.swift; path = CheckerService.swift; sourceTree = "<group>"; };
		C9B6069428AA6BC700DA7F92 /* MigrationService.swift */ = {isa = PBXFileReference; lastKnownFileType = sourcecode.swift; path = MigrationService.swift; sourceTree = "<group>"; };
		C9B6069628AA6C1200DA7F92 /* Sring+extension.swift */ = {isa = PBXFileReference; lastKnownFileType = sourcecode.swift; path = "Sring+extension.swift"; sourceTree = "<group>"; };
		C9B6069B28AA6E2F00DA7F92 /* FavoriteViewController.swift */ = {isa = PBXFileReference; lastKnownFileType = sourcecode.swift; path = FavoriteViewController.swift; sourceTree = "<group>"; };
		C9B6069E28AA6F3200DA7F92 /* CoreDataModel.xcdatamodel */ = {isa = PBXFileReference; lastKnownFileType = wrapper.xcdatamodel; path = CoreDataModel.xcdatamodel; sourceTree = "<group>"; };
		C9B606A028AABCA000DA7F92 /* NSNotification.Name+extension.swift */ = {isa = PBXFileReference; lastKnownFileType = sourcecode.swift; path = "NSNotification.Name+extension.swift"; sourceTree = "<group>"; };
		C9B606A328AB605300DA7F92 /* FavoriteCell.swift */ = {isa = PBXFileReference; lastKnownFileType = sourcecode.swift; path = FavoriteCell.swift; sourceTree = "<group>"; };
		C9B6B38028830B010056971D /* Planet.swift */ = {isa = PBXFileReference; lastKnownFileType = sourcecode.swift; path = Planet.swift; sourceTree = "<group>"; };
		C9B6B38228830BB50056971D /* PlanetService.swift */ = {isa = PBXFileReference; lastKnownFileType = sourcecode.swift; path = PlanetService.swift; sourceTree = "<group>"; };
		C9B6B384288322E20056971D /* Resident.swift */ = {isa = PBXFileReference; lastKnownFileType = sourcecode.swift; path = Resident.swift; sourceTree = "<group>"; };
		C9B6B386288323340056971D /* ResidentService.swift */ = {isa = PBXFileReference; lastKnownFileType = sourcecode.swift; path = ResidentService.swift; sourceTree = "<group>"; };
		C9C466DA288F0025004666F0 /* Constants.swift */ = {isa = PBXFileReference; lastKnownFileType = sourcecode.swift; path = Constants.swift; sourceTree = "<group>"; };
		C9C4A4962858E42E007338FE /* MainCoordinatorProtocol.swift */ = {isa = PBXFileReference; lastKnownFileType = sourcecode.swift; path = MainCoordinatorProtocol.swift; sourceTree = "<group>"; };
		C9C4A4982859B178007338FE /* MainCoordinator.swift */ = {isa = PBXFileReference; lastKnownFileType = sourcecode.swift; path = MainCoordinator.swift; sourceTree = "<group>"; };
		C9C4A4A02859E53D007338FE /* ModuleFactory.swift */ = {isa = PBXFileReference; lastKnownFileType = sourcecode.swift; path = ModuleFactory.swift; sourceTree = "<group>"; };
		C9C6E6D8287D9A5800FB3069 /* NetworkService.swift */ = {isa = PBXFileReference; lastKnownFileType = sourcecode.swift; path = NetworkService.swift; sourceTree = "<group>"; };
		C9C6E6DA287D9FD300FB3069 /* AppConfiguration.swift */ = {isa = PBXFileReference; lastKnownFileType = sourcecode.swift; path = AppConfiguration.swift; sourceTree = "<group>"; };
		C9CB44F728A1806A0021AF58 /* AuthViewController.swift */ = {isa = PBXFileReference; lastKnownFileType = sourcecode.swift; path = AuthViewController.swift; sourceTree = "<group>"; };
		C9CB44F928A18EDD0021AF58 /* AuthService.swift */ = {isa = PBXFileReference; lastKnownFileType = sourcecode.swift; path = AuthService.swift; sourceTree = "<group>"; };
		C9CB44FC28A191AF0021AF58 /* AuthViewModel.swift */ = {isa = PBXFileReference; lastKnownFileType = sourcecode.swift; path = AuthViewModel.swift; sourceTree = "<group>"; };
		C9CB450328A198F60021AF58 /* Storable.swift */ = {isa = PBXFileReference; lastKnownFileType = sourcecode.swift; path = Storable.swift; sourceTree = "<group>"; };
		C9CB450B28A19A940021AF58 /* RealmCoordinator.swift */ = {isa = PBXFileReference; lastKnownFileType = sourcecode.swift; path = RealmCoordinator.swift; sourceTree = "<group>"; };
		C9CB450D28A19BCD0021AF58 /* DatabaseCoordinatable.swift */ = {isa = PBXFileReference; lastKnownFileType = sourcecode.swift; path = DatabaseCoordinatable.swift; sourceTree = "<group>"; };
		C9CB451028A1A4190021AF58 /* UserRealmModel.swift */ = {isa = PBXFileReference; lastKnownFileType = sourcecode.swift; path = UserRealmModel.swift; sourceTree = "<group>"; };
		C9D204622844DD37005D108A /* TestUserService.swift */ = {isa = PBXFileReference; lastKnownFileType = sourcecode.swift; path = TestUserService.swift; sourceTree = "<group>"; };
		C9D315D72875C99A00DE52BC /* MusicViewController.swift */ = {isa = PBXFileReference; lastKnownFileType = sourcecode.swift; path = MusicViewController.swift; sourceTree = "<group>"; };
		C9D315DB2875CFA300DE52BC /* VideoViewController.swift */ = {isa = PBXFileReference; lastKnownFileType = sourcecode.swift; path = VideoViewController.swift; sourceTree = "<group>"; };
		C9D5EE5C28A6A118008C318D /* CoreDataCoordinator.swift */ = {isa = PBXFileReference; lastKnownFileType = sourcecode.swift; path = CoreDataCoordinator.swift; sourceTree = "<group>"; };
		C9E0AF42288FA1CB002F3EDC /* Color.swift */ = {isa = PBXFileReference; lastKnownFileType = sourcecode.swift; path = Color.swift; sourceTree = "<group>"; };
		C9E1AA7227D0FBCB0021A97A /* ProfileViewController.swift */ = {isa = PBXFileReference; lastKnownFileType = sourcecode.swift; path = ProfileViewController.swift; sourceTree = "<group>"; };
		C9E1AA7427D0FBF60021A97A /* PostViewController.swift */ = {isa = PBXFileReference; lastKnownFileType = sourcecode.swift; path = PostViewController.swift; sourceTree = "<group>"; };
		C9E1AA7627D0FC240021A97A /* InfoViewController.swift */ = {isa = PBXFileReference; lastKnownFileType = sourcecode.swift; path = InfoViewController.swift; sourceTree = "<group>"; };
		C9E1AA7827D0FC510021A97A /* FeedViewController.swift */ = {isa = PBXFileReference; lastKnownFileType = sourcecode.swift; path = FeedViewController.swift; sourceTree = "<group>"; };
		C9E1AA7A27D0FC9D0021A97A /* TabBarController.swift */ = {isa = PBXFileReference; lastKnownFileType = sourcecode.swift; path = TabBarController.swift; sourceTree = "<group>"; };
/* End PBXFileReference section */

/* Begin PBXFrameworksBuildPhase section */
		C90E050B2837B888008C554C /* Frameworks */ = {
			isa = PBXFrameworksBuildPhase;
			buildActionMask = 2147483647;
			files = (
			);
			runOnlyForDeploymentPostprocessing = 0;
		};
		C9164FE427D0F57400034102 /* Frameworks */ = {
			isa = PBXFrameworksBuildPhase;
			buildActionMask = 2147483647;
			files = (
				C99885B228DB121F00C3A892 /* SwiftCrypto in Frameworks */,
				C9CB450728A199F50021AF58 /* Realm in Frameworks */,
				C9DFC241283F3F6C00496850 /* iOSIntPackage in Frameworks */,
				C9CB450928A199F50021AF58 /* RealmSwift in Frameworks */,
				C9ABCCF9288AB5AA00D17E00 /* FirebaseAuth in Frameworks */,
				C9F9C06D285E55BE005350CE /* SnapKit in Frameworks */,
				C90E05142837B888008C554C /* StorageService.framework in Frameworks */,
				C98F336D287CAB030064BB87 /* YouTubeiOSPlayerHelper in Frameworks */,
			);
			runOnlyForDeploymentPostprocessing = 0;
		};
/* End PBXFrameworksBuildPhase section */

/* Begin PBXGroup section */
		C904D12528927B7B00A1A363 /* Model */ = {
			isa = PBXGroup;
			children = (
				C9B1C33B28903B95005C6C35 /* Document.swift */,
			);
			path = Model;
			sourceTree = "<group>";
		};
		C90E050F2837B888008C554C /* StorageService */ = {
			isa = PBXGroup;
			children = (
				C90E05102837B888008C554C /* StorageService.h */,
			);
			path = StorageService;
			sourceTree = "<group>";
		};
		C90F7F392882AAC80001225C /* Modules */ = {
			isa = PBXGroup;
			children = (
				C99885B328DB126400C3A892 /* Map */,
				C9B6069928AA6E0F00DA7F92 /* Favorite */,
				C9CB44F528A1803F0021AF58 /* Auth */,
				C99FB72F289C21C800386A1B /* Setting */,
				C94AEF23289A6F8E0067AFBC /* Password */,
				C9B1C32D2890296F005C6C35 /* Documents */,
				C9661166285C8AAE00F9DBD9 /* Info */,
				C943665D285BBE6400C706A4 /* Feed */,
				C9661168285C8AC900F9DBD9 /* Login */,
				C9661162285C7D0600F9DBD9 /* Profile */,
				C9661159285C773C00F9DBD9 /* Post */,
				C966114E285C74F500F9DBD9 /* Photo */,
				C9D315D52875C97600DE52BC /* Music */,
				C9D315D92875CF8A00DE52BC /* Video */,
			);
			path = Modules;
			sourceTree = "<group>";
		};
		C9164FDE27D0F57400034102 = {
			isa = PBXGroup;
			children = (
				C9164FE927D0F57400034102 /* Navigation */,
				C90E050F2837B888008C554C /* StorageService */,
				C9164FE827D0F57400034102 /* Products */,
			);
			sourceTree = "<group>";
		};
		C9164FE827D0F57400034102 /* Products */ = {
			isa = PBXGroup;
			children = (
				C9164FE727D0F57400034102 /* Navigation.app */,
				C90E050E2837B888008C554C /* StorageService.framework */,
			);
			name = Products;
			sourceTree = "<group>";
		};
		C9164FE927D0F57400034102 /* Navigation */ = {
			isa = PBXGroup;
			children = (
				C9CB450128A198A20021AF58 /* CoreLayer */,
				C94AEF28289A83400067AFBC /* Helpers */,
				C90F7F392882AAC80001225C /* Modules */,
				C94C3C35284116FC00F4DE92 /* Models */,
				C9C6E6D7287D9A4400FB3069 /* Services */,
				C9C4A4932858DF68007338FE /* Coordinators */,
				C9AB50B12847A40B001DF1CC /* Factorys */,
				C9436600285A637600C706A4 /* Controllers */,
				C960815D285094B6009444DA /* Views */,
				C98F3350287C3C720064BB87 /* Resource */,
				C98980142889D1BF0087F416 /* Common */,
				C98980132889D1A00087F416 /* AppDelegate */,
				C9B2F4FF2889C74D00655583 /* GoogleService-Info.plist */,
				C9B606A028AABCA000DA7F92 /* NSNotification.Name+extension.swift */,
				C93C973E28DEEAA20070A383 /* Localizable.strings */,
				C93C976228DF06780070A383 /* Localizable.stringsdict */,
			);
			path = Navigation;
			sourceTree = "<group>";
		};
		C9436600285A637600C706A4 /* Controllers */ = {
			isa = PBXGroup;
			children = (
				C9E1AA7A27D0FC9D0021A97A /* TabBarController.swift */,
			);
			path = Controllers;
			sourceTree = "<group>";
		};
		C943665D285BBE6400C706A4 /* Feed */ = {
			isa = PBXGroup;
			children = (
				C943665E285BBE8800C706A4 /* Coordinator */,
				C9436660285BBED300C706A4 /* ViewModel */,
				C943665F285BBEAB00C706A4 /* View */,
				C93C974C28DEF03A0070A383 /* FeedViewController.strings */,
			);
			path = Feed;
			sourceTree = "<group>";
		};
		C943665E285BBE8800C706A4 /* Coordinator */ = {
			isa = PBXGroup;
			children = (
				C9436631285B358400C706A4 /* FeedFlowCoordinator.swift */,
			);
			path = Coordinator;
			sourceTree = "<group>";
		};
		C943665F285BBEAB00C706A4 /* View */ = {
			isa = PBXGroup;
			children = (
				C9E1AA7827D0FC510021A97A /* FeedViewController.swift */,
			);
			path = View;
			sourceTree = "<group>";
		};
		C9436660285BBED300C706A4 /* ViewModel */ = {
			isa = PBXGroup;
			children = (
				C9436661285BBF9400C706A4 /* FeedViewModel.swift */,
			);
			path = ViewModel;
			sourceTree = "<group>";
		};
		C94993D72863A011003D80A2 /* ViewModel */ = {
			isa = PBXGroup;
			children = (
				C94993D82863A02F003D80A2 /* LoginViewModel.swift */,
			);
			path = ViewModel;
			sourceTree = "<group>";
		};
		C94AEF23289A6F8E0067AFBC /* Password */ = {
			isa = PBXGroup;
			children = (
				C99FB732289C222D00386A1B /* Model */,
				C99FB731289C221A00386A1B /* View */,
				C99FB733289C223800386A1B /* ViewModel */,
				C99FB742289E6C6600386A1B /* PasswordCheckService.swift */,
			);
			path = Password;
			sourceTree = "<group>";
		};
		C94AEF28289A83400067AFBC /* Helpers */ = {
			isa = PBXGroup;
			children = (
				C94AEF29289A835B0067AFBC /* KeychainHelper.swift */,
			);
			path = Helpers;
			sourceTree = "<group>";
		};
		C94C3C35284116FC00F4DE92 /* Models */ = {
			isa = PBXGroup;
			children = (
				C93E992B2881E4E400444336 /* Todo.swift */,
				C94C3C362841172100F4DE92 /* User.swift */,
				C96081602850B5CC009444DA /* Password.swift */,
				C9B6B38028830B010056971D /* Planet.swift */,
				C9B6B384288322E20056971D /* Resident.swift */,
			);
			path = Models;
			sourceTree = "<group>";
		};
		C960815D285094B6009444DA /* Views */ = {
			isa = PBXGroup;
			children = (
				C960815E285094D3009444DA /* CustomButton.swift */,
				C9A3883F27E6692100CE4307 /* CustomField.swift */,
			);
			path = Views;
			sourceTree = "<group>";
		};
		C966114E285C74F500F9DBD9 /* Photo */ = {
			isa = PBXGroup;
			children = (
				C9661154285C75A100F9DBD9 /* Coordinator */,
				C9661153285C759300F9DBD9 /* ViewModel */,
				C9661152285C758600F9DBD9 /* View */,
				C9661151285C757700F9DBD9 /* Model */,
				C9661150285C753500F9DBD9 /* Controller */,
			);
			path = Photo;
			sourceTree = "<group>";
		};
		C9661150285C753500F9DBD9 /* Controller */ = {
			isa = PBXGroup;
			children = (
				C99A81F127EE3AF30080B6A5 /* PhotosViewController.swift */,
			);
			path = Controller;
			sourceTree = "<group>";
		};
		C9661151285C757700F9DBD9 /* Model */ = {
			isa = PBXGroup;
			children = (
				C9ABC90428620292002684A1 /* Photo.swift */,
			);
			path = Model;
			sourceTree = "<group>";
		};
		C9661152285C758600F9DBD9 /* View */ = {
			isa = PBXGroup;
			children = (
				C99A81F427EE47810080B6A5 /* PhotoCollectionViewCell.swift */,
				C99A81EE27EDD9B90080B6A5 /* PhotoTableViewCell.swift */,
			);
			path = View;
			sourceTree = "<group>";
		};
		C9661153285C759300F9DBD9 /* ViewModel */ = {
			isa = PBXGroup;
			children = (
				C9661157285C75E300F9DBD9 /* PhotoViewModel.swift */,
			);
			path = ViewModel;
			sourceTree = "<group>";
		};
		C9661154285C75A100F9DBD9 /* Coordinator */ = {
			isa = PBXGroup;
			children = (
				C9661155285C75C200F9DBD9 /* PhotoCoordinator.swift */,
			);
			path = Coordinator;
			sourceTree = "<group>";
		};
		C9661159285C773C00F9DBD9 /* Post */ = {
			isa = PBXGroup;
			children = (
				C966115E285C779700F9DBD9 /* View */,
				C966115D285C778400F9DBD9 /* Controller */,
				C966115B285C774D00F9DBD9 /* ViewModel */,
				C966115A285C774400F9DBD9 /* Model */,
			);
			path = Post;
			sourceTree = "<group>";
		};
		C966115A285C774400F9DBD9 /* Model */ = {
			isa = PBXGroup;
			children = (
				C950451627D7C0530091A844 /* Post.swift */,
				C966115F285C78E400F9DBD9 /* PostService.swift */,
			);
			path = Model;
			sourceTree = "<group>";
		};
		C966115B285C774D00F9DBD9 /* ViewModel */ = {
			isa = PBXGroup;
			children = (
				C9661164285C7E4700F9DBD9 /* PostViewModel.swift */,
			);
			path = ViewModel;
			sourceTree = "<group>";
		};
		C966115D285C778400F9DBD9 /* Controller */ = {
			isa = PBXGroup;
			children = (
				C9E1AA7427D0FBF60021A97A /* PostViewController.swift */,
			);
			path = Controller;
			sourceTree = "<group>";
		};
		C966115E285C779700F9DBD9 /* View */ = {
			isa = PBXGroup;
			children = (
				C9A3884127E676A700CE4307 /* PostTableViewCell.swift */,
			);
			path = View;
			sourceTree = "<group>";
		};
		C9661162285C7D0600F9DBD9 /* Profile */ = {
			isa = PBXGroup;
			children = (
				C9ABCCFA288AC76000D17E00 /* Coordinator */,
				C966116A285C8AEB00F9DBD9 /* View */,
			);
			path = Profile;
			sourceTree = "<group>";
		};
		C9661166285C8AAE00F9DBD9 /* Info */ = {
			isa = PBXGroup;
			children = (
				C9661167285C8AB500F9DBD9 /* Controller */,
				C93E99292881DB3000444336 /* InfoViewModel.swift */,
			);
			path = Info;
			sourceTree = "<group>";
		};
		C9661167285C8AB500F9DBD9 /* Controller */ = {
			isa = PBXGroup;
			children = (
				C9E1AA7627D0FC240021A97A /* InfoViewController.swift */,
			);
			path = Controller;
			sourceTree = "<group>";
		};
		C9661168285C8AC900F9DBD9 /* Login */ = {
			isa = PBXGroup;
			children = (
				C94993D72863A011003D80A2 /* ViewModel */,
				C9ABC9062862479B002684A1 /* View */,
			);
			path = Login;
			sourceTree = "<group>";
		};
		C966116A285C8AEB00F9DBD9 /* View */ = {
			isa = PBXGroup;
			children = (
				C9E1AA7227D0FBCB0021A97A /* ProfileViewController.swift */,
				C94FB4C827D884B4005ABB47 /* ProfileHeaderView.swift */,
			);
			path = View;
			sourceTree = "<group>";
		};
		C98980132889D1A00087F416 /* AppDelegate */ = {
			isa = PBXGroup;
			children = (
				C9164FF827D0F57500034102 /* Info.plist */,
				C9C6E6DA287D9FD300FB3069 /* AppConfiguration.swift */,
				C9164FEA27D0F57400034102 /* AppDelegate.swift */,
				C9164FEC27D0F57400034102 /* SceneDelegate.swift */,
			);
			path = AppDelegate;
			sourceTree = "<group>";
		};
		C98980142889D1BF0087F416 /* Common */ = {
			isa = PBXGroup;
			children = (
				C9AB506828465DC8001DF1CC /* LoginInspector.swift */,
				C9AB5066284659D3001DF1CC /* Checker.swift */,
				C94993DA2863A0F0003D80A2 /* BruteForce.swift */,
				C90F7F37288290120001225C /* Observable.swift */,
				C9A3884327E67DCA00CE4307 /* Extensions.swift */,
				C9C466DA288F0025004666F0 /* Constants.swift */,
				C9E0AF42288FA1CB002F3EDC /* Color.swift */,
				C9B6069628AA6C1200DA7F92 /* Sring+extension.swift */,
			);
			path = Common;
			sourceTree = "<group>";
		};
		C98980152889D2010087F416 /* Music */ = {
			isa = PBXGroup;
			children = (
				C98F3360287C8C660064BB87 /* 1.mp3 */,
				C98F3361287C8C660064BB87 /* 2.mp3 */,
				C98F335F287C8C650064BB87 /* 3.mp3 */,
				C98F3362287C8C670064BB87 /* 4.mp3 */,
				C98F3363287C8C670064BB87 /* 5.mp3 */,
			);
			path = Music;
			sourceTree = "<group>";
		};
		C98F3350287C3C720064BB87 /* Resource */ = {
			isa = PBXGroup;
			children = (
				C9164FF527D0F57500034102 /* LaunchScreen.storyboard */,
				C9164FF327D0F57500034102 /* Assets.xcassets */,
				C98980152889D2010087F416 /* Music */,
			);
			path = Resource;
			sourceTree = "<group>";
		};
		C99885B328DB126400C3A892 /* Map */ = {
			isa = PBXGroup;
			children = (
				C99885B428DB127F00C3A892 /* MapViewController.swift */,
				C99885B628DB4DFE00C3A892 /* Location.swift */,
				C99885B828DB4F4300C3A892 /* MapPresenter.swift */,
			);
			path = Map;
			sourceTree = "<group>";
		};
		C99FB72F289C21C800386A1B /* Setting */ = {
			isa = PBXGroup;
			children = (
				C99FB730289C220E00386A1B /* View */,
			);
			path = Setting;
			sourceTree = "<group>";
		};
		C99FB730289C220E00386A1B /* View */ = {
			isa = PBXGroup;
			children = (
				C99FB734289C226200386A1B /* SettingViewController.swift */,
				C99FB73A289C4F9E00386A1B /* SettingTableViewCell.swift */,
				C99FB73E289CDA2200386A1B /* SettingChangePasswordViewController.swift */,
				C99FB746289E86F600386A1B /* SwitchTableViewCell.swift */,
			);
			path = View;
			sourceTree = "<group>";
		};
		C99FB731289C221A00386A1B /* View */ = {
			isa = PBXGroup;
			children = (
				C94AEF24289A6FC70067AFBC /* PasswordViewController.swift */,
			);
			path = View;
			sourceTree = "<group>";
		};
		C99FB732289C222D00386A1B /* Model */ = {
			isa = PBXGroup;
			children = (
				C94AEF2B289A84DE0067AFBC /* Credentials.swift */,
			);
			path = Model;
			sourceTree = "<group>";
		};
		C99FB733289C223800386A1B /* ViewModel */ = {
			isa = PBXGroup;
			children = (
				C94AEF2D289AA1F70067AFBC /* PasswordViewModel.swift */,
			);
			path = ViewModel;
			sourceTree = "<group>";
		};
		C9AB50B12847A40B001DF1CC /* Factorys */ = {
			isa = PBXGroup;
			children = (
				C9AB506A284668BB001DF1CC /* LoginFactory.swift */,
				C9AB506C28466918001DF1CC /* MyLoginFactory.swift */,
				C9C4A4A02859E53D007338FE /* ModuleFactory.swift */,
				C93C974528DEEAD80070A383 /* MyLoginFactory.strings */,
			);
			path = Factorys;
			sourceTree = "<group>";
		};
		C9ABC9062862479B002684A1 /* View */ = {
			isa = PBXGroup;
			children = (
				C9ABC90728624931002684A1 /* LoginView.swift */,
				C9A3881B27E5C70700CE4307 /* LoginViewController.swift */,
			);
			path = View;
			sourceTree = "<group>";
		};
		C9ABCCFA288AC76000D17E00 /* Coordinator */ = {
			isa = PBXGroup;
			children = (
				C9ABCCFD288AC7E300D17E00 /* ProfileFlowCoorinator.swift */,
			);
			path = Coordinator;
			sourceTree = "<group>";
		};
		C9B1C32D2890296F005C6C35 /* Documents */ = {
			isa = PBXGroup;
			children = (
				C904D12528927B7B00A1A363 /* Model */,
				C9B1C3312890360F005C6C35 /* Coordinator */,
				C9B1C32E28902AC0005C6C35 /* View */,
				C9B1C33628903936005C6C35 /* ViewModel */,
			);
			path = Documents;
			sourceTree = "<group>";
		};
		C9B1C32E28902AC0005C6C35 /* View */ = {
			isa = PBXGroup;
			children = (
				C9B1C32F28902AE4005C6C35 /* DocumentsViewController.swift */,
				C904D121289275FA00A1A363 /* DocumentImageViewController.swift */,
			);
			path = View;
			sourceTree = "<group>";
		};
		C9B1C3312890360F005C6C35 /* Coordinator */ = {
			isa = PBXGroup;
			children = (
				C904D1372893D42300A1A363 /* DocumentsFlowCoordinator.swift */,
			);
			path = Coordinator;
			sourceTree = "<group>";
		};
		C9B1C33628903936005C6C35 /* ViewModel */ = {
			isa = PBXGroup;
			children = (
				C9B1C3372890397D005C6C35 /* DocumentsViewModel.swift */,
			);
			path = ViewModel;
			sourceTree = "<group>";
		};
		C9B6069928AA6E0F00DA7F92 /* Favorite */ = {
			isa = PBXGroup;
			children = (
				C9B606A228AB603700DA7F92 /* Cell */,
				C9B6069A28AA6E1900DA7F92 /* View */,
			);
			path = Favorite;
			sourceTree = "<group>";
		};
		C9B6069A28AA6E1900DA7F92 /* View */ = {
			isa = PBXGroup;
			children = (
				C9B6069B28AA6E2F00DA7F92 /* FavoriteViewController.swift */,
			);
			path = View;
			sourceTree = "<group>";
		};
		C9B606A228AB603700DA7F92 /* Cell */ = {
			isa = PBXGroup;
			children = (
				C9B606A328AB605300DA7F92 /* FavoriteCell.swift */,
			);
			path = Cell;
			sourceTree = "<group>";
		};
		C9C4A4932858DF68007338FE /* Coordinators */ = {
			isa = PBXGroup;
			children = (
				C9C4A4962858E42E007338FE /* MainCoordinatorProtocol.swift */,
				C9C4A4982859B178007338FE /* MainCoordinator.swift */,
			);
			path = Coordinators;
			sourceTree = "<group>";
		};
		C9C6E6D5287D5D3B00FB3069 /* ViewModel */ = {
			isa = PBXGroup;
			children = (
				C98F335D287C6C530064BB87 /* MusicViewModel.swift */,
			);
			path = ViewModel;
			sourceTree = "<group>";
		};
		C9C6E6D6287D5D6100FB3069 /* ViewModel */ = {
			isa = PBXGroup;
			children = (
				C98F3369287CA44F0064BB87 /* VideoViewModel.swift */,
			);
			path = ViewModel;
			sourceTree = "<group>";
		};
		C9C6E6D7287D9A4400FB3069 /* Services */ = {
			isa = PBXGroup;
			children = (
				C93E99272881D91900444336 /* TodoService.swift */,
				C9C6E6D8287D9A5800FB3069 /* NetworkService.swift */,
				C94C3C38284119DD00F4DE92 /* CurrentUserService.swift */,
				C9D204622844DD37005D108A /* TestUserService.swift */,
				C9B6B38228830BB50056971D /* PlanetService.swift */,
				C9B6B386288323340056971D /* ResidentService.swift */,
				C9B2F5012889C9C700655583 /* CheckerService.swift */,
				C9B1C33928903AD5005C6C35 /* DocumentService.swift */,
				C9669CAE290FF41100AEB768 /* LocalAuthorizationService.swift */,
			);
			path = Services;
			sourceTree = "<group>";
		};
		C9CB44F528A1803F0021AF58 /* Auth */ = {
			isa = PBXGroup;
			children = (
				C9CB44FE28A191E00021AF58 /* Model */,
				C9CB44FB28A1919A0021AF58 /* ViewModel */,
				C9CB44F628A1804C0021AF58 /* View */,
				C9CB44F928A18EDD0021AF58 /* AuthService.swift */,
			);
			path = Auth;
			sourceTree = "<group>";
		};
		C9CB44F628A1804C0021AF58 /* View */ = {
			isa = PBXGroup;
			children = (
				C9CB44F728A1806A0021AF58 /* AuthViewController.swift */,
			);
			path = View;
			sourceTree = "<group>";
		};
		C9CB44FB28A1919A0021AF58 /* ViewModel */ = {
			isa = PBXGroup;
			children = (
				C9CB44FC28A191AF0021AF58 /* AuthViewModel.swift */,
			);
			path = ViewModel;
			sourceTree = "<group>";
		};
		C9CB44FE28A191E00021AF58 /* Model */ = {
			isa = PBXGroup;
			children = (
			);
			path = Model;
			sourceTree = "<group>";
		};
		C9CB450128A198A20021AF58 /* CoreLayer */ = {
			isa = PBXGroup;
			children = (
				C9CB450F28A1A4020021AF58 /* Models */,
				C9CB450228A198B90021AF58 /* Database */,
			);
			path = CoreLayer;
			sourceTree = "<group>";
		};
		C9CB450228A198B90021AF58 /* Database */ = {
			isa = PBXGroup;
			children = (
				C9D5EE5B28A6A108008C318D /* CoreData */,
				C9CB450A28A19A7E0021AF58 /* Realm */,
				C9CB450328A198F60021AF58 /* Storable.swift */,
				C9CB450D28A19BCD0021AF58 /* DatabaseCoordinatable.swift */,
				C9B6069428AA6BC700DA7F92 /* MigrationService.swift */,
			);
			path = Database;
			sourceTree = "<group>";
		};
		C9CB450A28A19A7E0021AF58 /* Realm */ = {
			isa = PBXGroup;
			children = (
				C9CB450B28A19A940021AF58 /* RealmCoordinator.swift */,
			);
			path = Realm;
			sourceTree = "<group>";
		};
		C9CB450F28A1A4020021AF58 /* Models */ = {
			isa = PBXGroup;
			children = (
				C9CB451028A1A4190021AF58 /* UserRealmModel.swift */,
			);
			path = Models;
			sourceTree = "<group>";
		};
		C9D315D52875C97600DE52BC /* Music */ = {
			isa = PBXGroup;
			children = (
				C9C6E6D5287D5D3B00FB3069 /* ViewModel */,
				C9D315D62875C98100DE52BC /* View */,
			);
			path = Music;
			sourceTree = "<group>";
		};
		C9D315D62875C98100DE52BC /* View */ = {
			isa = PBXGroup;
			children = (
				C9D315D72875C99A00DE52BC /* MusicViewController.swift */,
			);
			path = View;
			sourceTree = "<group>";
		};
		C9D315D92875CF8A00DE52BC /* Video */ = {
			isa = PBXGroup;
			children = (
				C9C6E6D6287D5D6100FB3069 /* ViewModel */,
				C9D315DA2875CF9100DE52BC /* View */,
			);
			path = Video;
			sourceTree = "<group>";
		};
		C9D315DA2875CF9100DE52BC /* View */ = {
			isa = PBXGroup;
			children = (
				C9D315DB2875CFA300DE52BC /* VideoViewController.swift */,
				C98F336E287CB32A0064BB87 /* VideoPlayerViewController.swift */,
			);
			path = View;
			sourceTree = "<group>";
		};
		C9D5EE5B28A6A108008C318D /* CoreData */ = {
			isa = PBXGroup;
			children = (
				C9D5EE5C28A6A118008C318D /* CoreDataCoordinator.swift */,
				C9B6069D28AA6F3200DA7F92 /* CoreDataModel.xcdatamodeld */,
			);
			path = CoreData;
			sourceTree = "<group>";
		};
/* End PBXGroup section */

/* Begin PBXHeadersBuildPhase section */
		C90E05092837B888008C554C /* Headers */ = {
			isa = PBXHeadersBuildPhase;
			buildActionMask = 2147483647;
			files = (
				C90E05112837B888008C554C /* StorageService.h in Headers */,
			);
			runOnlyForDeploymentPostprocessing = 0;
		};
/* End PBXHeadersBuildPhase section */

/* Begin PBXNativeTarget section */
		C90E050D2837B888008C554C /* StorageService */ = {
			isa = PBXNativeTarget;
			buildConfigurationList = C90E05192837B888008C554C /* Build configuration list for PBXNativeTarget "StorageService" */;
			buildPhases = (
				C90E05092837B888008C554C /* Headers */,
				C90E050A2837B888008C554C /* Sources */,
				C90E050B2837B888008C554C /* Frameworks */,
				C90E050C2837B888008C554C /* Resources */,
			);
			buildRules = (
			);
			dependencies = (
			);
			name = StorageService;
			productName = StorageService;
			productReference = C90E050E2837B888008C554C /* StorageService.framework */;
			productType = "com.apple.product-type.framework";
		};
		C9164FE627D0F57400034102 /* Navigation */ = {
			isa = PBXNativeTarget;
			buildConfigurationList = C9164FFB27D0F57500034102 /* Build configuration list for PBXNativeTarget "Navigation" */;
			buildPhases = (
				C9164FE327D0F57400034102 /* Sources */,
				C9164FE427D0F57400034102 /* Frameworks */,
				C9164FE527D0F57400034102 /* Resources */,
				C94FB4CA27D8C5BE005ABB47 /* ShellScript */,
				C90E05162837B888008C554C /* Embed Frameworks */,
			);
			buildRules = (
			);
			dependencies = (
				C90E05132837B888008C554C /* PBXTargetDependency */,
			);
			name = Navigation;
			packageProductDependencies = (
				C9DFC240283F3F6C00496850 /* iOSIntPackage */,
				C9F9C06C285E55BE005350CE /* SnapKit */,
				C98F336C287CAB030064BB87 /* YouTubeiOSPlayerHelper */,
				C9ABCCF8288AB5AA00D17E00 /* FirebaseAuth */,
				C9CB450628A199F50021AF58 /* Realm */,
				C9CB450828A199F50021AF58 /* RealmSwift */,
				C9DECDBF28BF5E0C00EC7A4C /* SwiftCrypto */,
			);
			productName = Navigation;
			productReference = C9164FE727D0F57400034102 /* Navigation.app */;
			productType = "com.apple.product-type.application";
		};
/* End PBXNativeTarget section */

/* Begin PBXProject section */
		C9164FDF27D0F57400034102 /* Project object */ = {
			isa = PBXProject;
			attributes = {
				BuildIndependentTargetsInParallel = 1;
				LastSwiftUpdateCheck = 1320;
				LastUpgradeCheck = 1340;
				TargetAttributes = {
					C90E050D2837B888008C554C = {
						CreatedOnToolsVersion = 13.4;
					};
					C9164FE627D0F57400034102 = {
						CreatedOnToolsVersion = 13.2.1;
					};
				};
			};
			buildConfigurationList = C9164FE227D0F57400034102 /* Build configuration list for PBXProject "Navigation" */;
			compatibilityVersion = "Xcode 13.0";
			developmentRegion = en;
			hasScannedForEncodings = 0;
			knownRegions = (
				en,
				Base,
				ru,
				"zh-Hans",
			);
			mainGroup = C9164FDE27D0F57400034102;
			packageReferences = (
				C9DFC23F283F3F6C00496850 /* XCRemoteSwiftPackageReference "iOSIntPackage" */,
				C9F9C06B285E55BE005350CE /* XCRemoteSwiftPackageReference "SnapKit" */,
				C98F336B287CAB030064BB87 /* XCRemoteSwiftPackageReference "youtube-ios-player-helper" */,
				C9ABCCF7288AB5AA00D17E00 /* XCRemoteSwiftPackageReference "firebase-ios-sdk" */,
				C9CB450528A199F50021AF58 /* XCRemoteSwiftPackageReference "realm-swift" */,
				C9DECDBE28BF5E0C00EC7A4C /* XCRemoteSwiftPackageReference "SwiftCrypto" */,
			);
			productRefGroup = C9164FE827D0F57400034102 /* Products */;
			projectDirPath = "";
			projectRoot = "";
			targets = (
				C9164FE627D0F57400034102 /* Navigation */,
				C90E050D2837B888008C554C /* StorageService */,
			);
		};
/* End PBXProject section */

/* Begin PBXResourcesBuildPhase section */
		C90E050C2837B888008C554C /* Resources */ = {
			isa = PBXResourcesBuildPhase;
			buildActionMask = 2147483647;
			files = (
			);
			runOnlyForDeploymentPostprocessing = 0;
		};
		C9164FE527D0F57400034102 /* Resources */ = {
			isa = PBXResourcesBuildPhase;
			buildActionMask = 2147483647;
			files = (
				C98F3368287C8C670064BB87 /* 5.mp3 in Resources */,
				C9B2F5002889C74D00655583 /* GoogleService-Info.plist in Resources */,
				C9164FF727D0F57500034102 /* LaunchScreen.storyboard in Resources */,
				C98F3364287C8C670064BB87 /* 3.mp3 in Resources */,
				C93C973C28DEEAA20070A383 /* Localizable.strings in Resources */,
				C93C976028DF06780070A383 /* Localizable.stringsdict in Resources */,
				C98F3366287C8C670064BB87 /* 2.mp3 in Resources */,
				C98F3367287C8C670064BB87 /* 4.mp3 in Resources */,
				C9164FF427D0F57500034102 /* Assets.xcassets in Resources */,
				C98F3365287C8C670064BB87 /* 1.mp3 in Resources */,
				C93C974328DEEAD80070A383 /* MyLoginFactory.strings in Resources */,
				C93C974A28DEF03A0070A383 /* FeedViewController.strings in Resources */,
			);
			runOnlyForDeploymentPostprocessing = 0;
		};
/* End PBXResourcesBuildPhase section */

/* Begin PBXShellScriptBuildPhase section */
		C94FB4CA27D8C5BE005ABB47 /* ShellScript */ = {
			isa = PBXShellScriptBuildPhase;
			buildActionMask = 2147483647;
			files = (
			);
			inputFileListPaths = (
			);
			inputPaths = (
			);
			outputFileListPaths = (
			);
			outputPaths = (
			);
			runOnlyForDeploymentPostprocessing = 0;
			shellPath = /bin/sh;
			shellScript = "TAGS=\"TODO:|FIXME:\"\nERRORTAG=\"ERROR:\"\nfind \"${SRCROOT}\" \\( -name \"*.h\" -or -name \"*.m\" -or -name \"*.swift\" \\) -print0 | xargs -0 egrep --with-filename --line-number --only-matching \"($TAGS).*\\$|($ERRORTAG).*\\$\" | perl -p -e \"s/($TAGS)/ warning: \\$1/\" | perl -p -e \"s/($ERRORTAG)/ error: \\$1/\"\n";
		};
/* End PBXShellScriptBuildPhase section */

/* Begin PBXSourcesBuildPhase section */
		C90E050A2837B888008C554C /* Sources */ = {
			isa = PBXSourcesBuildPhase;
			buildActionMask = 2147483647;
			files = (
			);
			runOnlyForDeploymentPostprocessing = 0;
		};
		C9164FE327D0F57400034102 /* Sources */ = {
			isa = PBXSourcesBuildPhase;
			buildActionMask = 2147483647;
			files = (
				C9CB451128A1A4190021AF58 /* UserRealmModel.swift in Sources */,
				C9AB506928465DC8001DF1CC /* LoginInspector.swift in Sources */,
				C9C4A4992859B178007338FE /* MainCoordinator.swift in Sources */,
				C94993DB2863A0F0003D80A2 /* BruteForce.swift in Sources */,
				C9B6B385288322E20056971D /* Resident.swift in Sources */,
				C9E1AA7527D0FBF60021A97A /* PostViewController.swift in Sources */,
				C9B1C33C28903B95005C6C35 /* Document.swift in Sources */,
				C98F336A287CA44F0064BB87 /* VideoViewModel.swift in Sources */,
				C99FB743289E6C6600386A1B /* PasswordCheckService.swift in Sources */,
				C904D1382893D43500A1A363 /* DocumentsFlowCoordinator.swift in Sources */,
				C9ABCCFE288AC7E300D17E00 /* ProfileFlowCoorinator.swift in Sources */,
				C94AEF25289A6FC70067AFBC /* PasswordViewController.swift in Sources */,
				C9AB5067284659D3001DF1CC /* Checker.swift in Sources */,
				C9B1C3382890397D005C6C35 /* DocumentsViewModel.swift in Sources */,
				C99A81F227EE3AF30080B6A5 /* PhotosViewController.swift in Sources */,
				C93E992A2881DB3000444336 /* InfoViewModel.swift in Sources */,
				C9661158285C75E300F9DBD9 /* PhotoViewModel.swift in Sources */,
				C9E0AF43288FA1CB002F3EDC /* Color.swift in Sources */,
				C99885B928DB4F4300C3A892 /* MapPresenter.swift in Sources */,
				C9436632285B358500C706A4 /* FeedFlowCoordinator.swift in Sources */,
				C93E99282881D91900444336 /* TodoService.swift in Sources */,
				C9A3884027E6692100CE4307 /* CustomField.swift in Sources */,
				C9CB44FD28A191AF0021AF58 /* AuthViewModel.swift in Sources */,
				C9B6B38328830BB50056971D /* PlanetService.swift in Sources */,
				C9B606A428AB605300DA7F92 /* FavoriteCell.swift in Sources */,
				C9D315D82875C99A00DE52BC /* MusicViewController.swift in Sources */,
				C9E1AA7327D0FBCB0021A97A /* ProfileViewController.swift in Sources */,
				C9669CAF290FF41100AEB768 /* LocalAuthorizationService.swift in Sources */,
				C99A81F527EE47810080B6A5 /* PhotoCollectionViewCell.swift in Sources */,
				C9B6069F28AA6F3200DA7F92 /* CoreDataModel.xcdatamodeld in Sources */,
				C9C4A4972858E42E007338FE /* MainCoordinatorProtocol.swift in Sources */,
				C9ABC90528620292002684A1 /* Photo.swift in Sources */,
				C904D122289275FA00A1A363 /* DocumentImageViewController.swift in Sources */,
				C9164FEB27D0F57400034102 /* AppDelegate.swift in Sources */,
				C9B606A128AABCA000DA7F92 /* NSNotification.Name+extension.swift in Sources */,
				C94C3C372841172100F4DE92 /* User.swift in Sources */,
				C99885B728DB4DFE00C3A892 /* Location.swift in Sources */,
				C9C4A4A12859E53D007338FE /* ModuleFactory.swift in Sources */,
				C9B6069C28AA6E2F00DA7F92 /* FavoriteViewController.swift in Sources */,
				C9661165285C7E4700F9DBD9 /* PostViewModel.swift in Sources */,
				C9D315DC2875CFA300DE52BC /* VideoViewController.swift in Sources */,
				C99A81EF27EDD9B90080B6A5 /* PhotoTableViewCell.swift in Sources */,
				C9661160285C78E400F9DBD9 /* PostService.swift in Sources */,
				C9C6E6D9287D9A5800FB3069 /* NetworkService.swift in Sources */,
				C9CB450428A198F60021AF58 /* Storable.swift in Sources */,
				C9CB44F828A1806A0021AF58 /* AuthViewController.swift in Sources */,
				C98F336F287CB32A0064BB87 /* VideoPlayerViewController.swift in Sources */,
				C94FB4C927D884B4005ABB47 /* ProfileHeaderView.swift in Sources */,
				C9B1C33028902AE4005C6C35 /* DocumentsViewController.swift in Sources */,
				C94C3C39284119DD00F4DE92 /* CurrentUserService.swift in Sources */,
				C9D204632844DD37005D108A /* TestUserService.swift in Sources */,
				C9B1C33A28903AD5005C6C35 /* DocumentService.swift in Sources */,
				C99FB747289E86F600386A1B /* SwitchTableViewCell.swift in Sources */,
				C9B2F5022889C9C700655583 /* CheckerService.swift in Sources */,
				C9CB450C28A19A940021AF58 /* RealmCoordinator.swift in Sources */,
				C9AB506B284668BB001DF1CC /* LoginFactory.swift in Sources */,
				C98F335E287C6C530064BB87 /* MusicViewModel.swift in Sources */,
				C9B6B387288323340056971D /* ResidentService.swift in Sources */,
				C9CB450E28A19BCD0021AF58 /* DatabaseCoordinatable.swift in Sources */,
				C9661161285C7B2100F9DBD9 /* Post.swift in Sources */,
				C96081612850B5CC009444DA /* Password.swift in Sources */,
				C99FB73F289CDA2200386A1B /* SettingChangePasswordViewController.swift in Sources */,
				C94AEF2C289A84DE0067AFBC /* Credentials.swift in Sources */,
				C9436662285BBF9400C706A4 /* FeedViewModel.swift in Sources */,
				C9C466DB288F0025004666F0 /* Constants.swift in Sources */,
				C94AEF2A289A835B0067AFBC /* KeychainHelper.swift in Sources */,
				C9164FED27D0F57400034102 /* SceneDelegate.swift in Sources */,
				C99FB73B289C4F9E00386A1B /* SettingTableViewCell.swift in Sources */,
				C9E1AA7B27D0FC9D0021A97A /* TabBarController.swift in Sources */,
				C9661156285C75C200F9DBD9 /* PhotoCoordinator.swift in Sources */,
				C9AB506D28466918001DF1CC /* MyLoginFactory.swift in Sources */,
				C9C6E6DB287D9FD300FB3069 /* AppConfiguration.swift in Sources */,
				C9B6069728AA6C1200DA7F92 /* Sring+extension.swift in Sources */,
				C90F7F38288290120001225C /* Observable.swift in Sources */,
				C94993D92863A02F003D80A2 /* LoginViewModel.swift in Sources */,
				C9A3884427E67DCA00CE4307 /* Extensions.swift in Sources */,
				C9ABC90828624931002684A1 /* LoginView.swift in Sources */,
				C9E1AA7927D0FC510021A97A /* FeedViewController.swift in Sources */,
				C9B6069528AA6BC700DA7F92 /* MigrationService.swift in Sources */,
				C93E992C2881E4E400444336 /* Todo.swift in Sources */,
				C960815F285094D3009444DA /* CustomButton.swift in Sources */,
				C9CB44FA28A18EDD0021AF58 /* AuthService.swift in Sources */,
				C9A3881C27E5C70700CE4307 /* LoginViewController.swift in Sources */,
				C99FB735289C226200386A1B /* SettingViewController.swift in Sources */,
				C9D5EE5D28A6A118008C318D /* CoreDataCoordinator.swift in Sources */,
				C9E1AA7727D0FC240021A97A /* InfoViewController.swift in Sources */,
				C94AEF2E289AA1F70067AFBC /* PasswordViewModel.swift in Sources */,
				C9A3884227E676A700CE4307 /* PostTableViewCell.swift in Sources */,
				C99885B528DB127F00C3A892 /* MapViewController.swift in Sources */,
				C9B6B38128830B010056971D /* Planet.swift in Sources */,
			);
			runOnlyForDeploymentPostprocessing = 0;
		};
/* End PBXSourcesBuildPhase section */

/* Begin PBXTargetDependency section */
		C90E05132837B888008C554C /* PBXTargetDependency */ = {
			isa = PBXTargetDependency;
			target = C90E050D2837B888008C554C /* StorageService */;
			targetProxy = C90E05122837B888008C554C /* PBXContainerItemProxy */;
		};
/* End PBXTargetDependency section */

/* Begin PBXVariantGroup section */
		C9164FF527D0F57500034102 /* LaunchScreen.storyboard */ = {
			isa = PBXVariantGroup;
			children = (
				C9164FF627D0F57500034102 /* Base */,
				C93C973128DEE0E30070A383 /* ru */,
				C93C973228DEE3C80070A383 /* zh-Hans */,
			);
			name = LaunchScreen.storyboard;
			sourceTree = "<group>";
		};
		C93C973E28DEEAA20070A383 /* Localizable.strings */ = {
			isa = PBXVariantGroup;
			children = (
				C93C973D28DEEAA20070A383 /* en */,
				C93C973F28DEEAA70070A383 /* zh-Hans */,
				C93C974028DEEAA80070A383 /* ru */,
			);
			name = Localizable.strings;
			sourceTree = "<group>";
		};
		C93C974528DEEAD80070A383 /* MyLoginFactory.strings */ = {
			isa = PBXVariantGroup;
			children = (
				C93C974428DEEAD80070A383 /* en */,
				C93C974628DEEADC0070A383 /* zh-Hans */,
				C93C974728DEEADE0070A383 /* ru */,
			);
			name = MyLoginFactory.strings;
			sourceTree = "<group>";
		};
		C93C974C28DEF03A0070A383 /* FeedViewController.strings */ = {
			isa = PBXVariantGroup;
			children = (
				C93C974B28DEF03A0070A383 /* en */,
				C93C974D28DEF03E0070A383 /* zh-Hans */,
				C93C974E28DEF0400070A383 /* ru */,
			);
			name = FeedViewController.strings;
			sourceTree = "<group>";
		};
		C93C976228DF06780070A383 /* Localizable.stringsdict */ = {
			isa = PBXVariantGroup;
			children = (
				C93C976128DF06780070A383 /* en */,
				C93C976328DF067B0070A383 /* ru */,
			);
			name = Localizable.stringsdict;
			sourceTree = "<group>";
		};
/* End PBXVariantGroup section */

/* Begin XCBuildConfiguration section */
		C90E05172837B888008C554C /* Debug */ = {
			isa = XCBuildConfiguration;
			buildSettings = {
				CODE_SIGN_IDENTITY = "";
				CODE_SIGN_STYLE = Automatic;
				CURRENT_PROJECT_VERSION = 1;
				DEFINES_MODULE = YES;
				DEVELOPMENT_TEAM = "";
				DYLIB_COMPATIBILITY_VERSION = 1;
				DYLIB_CURRENT_VERSION = 1;
				DYLIB_INSTALL_NAME_BASE = "@rpath";
				GENERATE_INFOPLIST_FILE = YES;
				INFOPLIST_KEY_NSHumanReadableCopyright = "";
				INSTALL_PATH = "$(LOCAL_LIBRARY_DIR)/Frameworks";
				IPHONEOS_DEPLOYMENT_TARGET = 15.5;
				LD_RUNPATH_SEARCH_PATHS = (
					"$(inherited)",
					"@executable_path/Frameworks",
					"@loader_path/Frameworks",
				);
				MARKETING_VERSION = 1.0;
				PRODUCT_BUNDLE_IDENTIFIER = "-.StorageService";
				PRODUCT_NAME = "$(TARGET_NAME:c99extidentifier)";
				SKIP_INSTALL = YES;
				SWIFT_EMIT_LOC_STRINGS = YES;
				SWIFT_VERSION = 5.0;
				TARGETED_DEVICE_FAMILY = "1,2";
				VERSIONING_SYSTEM = "apple-generic";
				VERSION_INFO_PREFIX = "";
			};
			name = Debug;
		};
		C90E05182837B888008C554C /* Release */ = {
			isa = XCBuildConfiguration;
			buildSettings = {
				CODE_SIGN_IDENTITY = "";
				CODE_SIGN_STYLE = Automatic;
				CURRENT_PROJECT_VERSION = 1;
				DEFINES_MODULE = YES;
				DEVELOPMENT_TEAM = "";
				DYLIB_COMPATIBILITY_VERSION = 1;
				DYLIB_CURRENT_VERSION = 1;
				DYLIB_INSTALL_NAME_BASE = "@rpath";
				GENERATE_INFOPLIST_FILE = YES;
				INFOPLIST_KEY_NSHumanReadableCopyright = "";
				INSTALL_PATH = "$(LOCAL_LIBRARY_DIR)/Frameworks";
				IPHONEOS_DEPLOYMENT_TARGET = 15.5;
				LD_RUNPATH_SEARCH_PATHS = (
					"$(inherited)",
					"@executable_path/Frameworks",
					"@loader_path/Frameworks",
				);
				MARKETING_VERSION = 1.0;
				PRODUCT_BUNDLE_IDENTIFIER = "-.StorageService";
				PRODUCT_NAME = "$(TARGET_NAME:c99extidentifier)";
				SKIP_INSTALL = YES;
				SWIFT_EMIT_LOC_STRINGS = YES;
				SWIFT_VERSION = 5.0;
				TARGETED_DEVICE_FAMILY = "1,2";
				VERSIONING_SYSTEM = "apple-generic";
				VERSION_INFO_PREFIX = "";
			};
			name = Release;
		};
		C9164FF927D0F57500034102 /* Debug */ = {
			isa = XCBuildConfiguration;
			buildSettings = {
				ALWAYS_SEARCH_USER_PATHS = NO;
				CLANG_ANALYZER_LOCALIZABILITY_NONLOCALIZED = YES;
				CLANG_ANALYZER_NONNULL = YES;
				CLANG_ANALYZER_NUMBER_OBJECT_CONVERSION = YES_AGGRESSIVE;
				CLANG_CXX_LANGUAGE_STANDARD = "gnu++17";
				CLANG_CXX_LIBRARY = "libc++";
				CLANG_ENABLE_MODULES = YES;
				CLANG_ENABLE_OBJC_ARC = YES;
				CLANG_ENABLE_OBJC_WEAK = YES;
				CLANG_WARN_BLOCK_CAPTURE_AUTORELEASING = YES;
				CLANG_WARN_BOOL_CONVERSION = YES;
				CLANG_WARN_COMMA = YES;
				CLANG_WARN_CONSTANT_CONVERSION = YES;
				CLANG_WARN_DEPRECATED_OBJC_IMPLEMENTATIONS = YES;
				CLANG_WARN_DIRECT_OBJC_ISA_USAGE = YES_ERROR;
				CLANG_WARN_DOCUMENTATION_COMMENTS = YES;
				CLANG_WARN_EMPTY_BODY = YES;
				CLANG_WARN_ENUM_CONVERSION = YES;
				CLANG_WARN_INFINITE_RECURSION = YES;
				CLANG_WARN_INT_CONVERSION = YES;
				CLANG_WARN_NON_LITERAL_NULL_CONVERSION = YES;
				CLANG_WARN_OBJC_IMPLICIT_RETAIN_SELF = YES;
				CLANG_WARN_OBJC_LITERAL_CONVERSION = YES;
				CLANG_WARN_OBJC_ROOT_CLASS = YES_ERROR;
				CLANG_WARN_QUOTED_INCLUDE_IN_FRAMEWORK_HEADER = YES;
				CLANG_WARN_RANGE_LOOP_ANALYSIS = YES;
				CLANG_WARN_STRICT_PROTOTYPES = YES;
				CLANG_WARN_SUSPICIOUS_MOVE = YES;
				CLANG_WARN_UNGUARDED_AVAILABILITY = YES_AGGRESSIVE;
				CLANG_WARN_UNREACHABLE_CODE = YES;
				CLANG_WARN__DUPLICATE_METHOD_MATCH = YES;
				COPY_PHASE_STRIP = NO;
				DEBUG_INFORMATION_FORMAT = dwarf;
				ENABLE_STRICT_OBJC_MSGSEND = YES;
				ENABLE_TESTABILITY = YES;
				GCC_C_LANGUAGE_STANDARD = gnu11;
				GCC_DYNAMIC_NO_PIC = NO;
				GCC_NO_COMMON_BLOCKS = YES;
				GCC_OPTIMIZATION_LEVEL = 0;
				GCC_PREPROCESSOR_DEFINITIONS = (
					"DEBUG=1",
					"$(inherited)",
				);
				GCC_WARN_64_TO_32_BIT_CONVERSION = YES;
				GCC_WARN_ABOUT_RETURN_TYPE = YES_ERROR;
				GCC_WARN_UNDECLARED_SELECTOR = YES;
				GCC_WARN_UNINITIALIZED_AUTOS = YES_AGGRESSIVE;
				GCC_WARN_UNUSED_FUNCTION = YES;
				GCC_WARN_UNUSED_VARIABLE = YES;
				IPHONEOS_DEPLOYMENT_TARGET = 15.2;
				MTL_ENABLE_DEBUG_INFO = INCLUDE_SOURCE;
				MTL_FAST_MATH = YES;
				ONLY_ACTIVE_ARCH = YES;
				SDKROOT = iphoneos;
				SWIFT_ACTIVE_COMPILATION_CONDITIONS = DEBUG;
				SWIFT_OPTIMIZATION_LEVEL = "-Onone";
			};
			name = Debug;
		};
		C9164FFA27D0F57500034102 /* Release */ = {
			isa = XCBuildConfiguration;
			buildSettings = {
				ALWAYS_SEARCH_USER_PATHS = NO;
				CLANG_ANALYZER_LOCALIZABILITY_NONLOCALIZED = YES;
				CLANG_ANALYZER_NONNULL = YES;
				CLANG_ANALYZER_NUMBER_OBJECT_CONVERSION = YES_AGGRESSIVE;
				CLANG_CXX_LANGUAGE_STANDARD = "gnu++17";
				CLANG_CXX_LIBRARY = "libc++";
				CLANG_ENABLE_MODULES = YES;
				CLANG_ENABLE_OBJC_ARC = YES;
				CLANG_ENABLE_OBJC_WEAK = YES;
				CLANG_WARN_BLOCK_CAPTURE_AUTORELEASING = YES;
				CLANG_WARN_BOOL_CONVERSION = YES;
				CLANG_WARN_COMMA = YES;
				CLANG_WARN_CONSTANT_CONVERSION = YES;
				CLANG_WARN_DEPRECATED_OBJC_IMPLEMENTATIONS = YES;
				CLANG_WARN_DIRECT_OBJC_ISA_USAGE = YES_ERROR;
				CLANG_WARN_DOCUMENTATION_COMMENTS = YES;
				CLANG_WARN_EMPTY_BODY = YES;
				CLANG_WARN_ENUM_CONVERSION = YES;
				CLANG_WARN_INFINITE_RECURSION = YES;
				CLANG_WARN_INT_CONVERSION = YES;
				CLANG_WARN_NON_LITERAL_NULL_CONVERSION = YES;
				CLANG_WARN_OBJC_IMPLICIT_RETAIN_SELF = YES;
				CLANG_WARN_OBJC_LITERAL_CONVERSION = YES;
				CLANG_WARN_OBJC_ROOT_CLASS = YES_ERROR;
				CLANG_WARN_QUOTED_INCLUDE_IN_FRAMEWORK_HEADER = YES;
				CLANG_WARN_RANGE_LOOP_ANALYSIS = YES;
				CLANG_WARN_STRICT_PROTOTYPES = YES;
				CLANG_WARN_SUSPICIOUS_MOVE = YES;
				CLANG_WARN_UNGUARDED_AVAILABILITY = YES_AGGRESSIVE;
				CLANG_WARN_UNREACHABLE_CODE = YES;
				CLANG_WARN__DUPLICATE_METHOD_MATCH = YES;
				COPY_PHASE_STRIP = NO;
				DEBUG_INFORMATION_FORMAT = "dwarf-with-dsym";
				ENABLE_NS_ASSERTIONS = NO;
				ENABLE_STRICT_OBJC_MSGSEND = YES;
				ENABLE_TESTABILITY = NO;
				GCC_C_LANGUAGE_STANDARD = gnu11;
				GCC_NO_COMMON_BLOCKS = YES;
				GCC_WARN_64_TO_32_BIT_CONVERSION = YES;
				GCC_WARN_ABOUT_RETURN_TYPE = YES_ERROR;
				GCC_WARN_UNDECLARED_SELECTOR = YES;
				GCC_WARN_UNINITIALIZED_AUTOS = YES_AGGRESSIVE;
				GCC_WARN_UNUSED_FUNCTION = YES;
				GCC_WARN_UNUSED_VARIABLE = YES;
				IPHONEOS_DEPLOYMENT_TARGET = 15.2;
				MTL_ENABLE_DEBUG_INFO = NO;
				MTL_FAST_MATH = YES;
				ONLY_ACTIVE_ARCH = NO;
				SDKROOT = iphoneos;
				SWIFT_COMPILATION_MODE = wholemodule;
				SWIFT_OPTIMIZATION_LEVEL = "-O";
				VALIDATE_PRODUCT = YES;
			};
			name = Release;
		};
		C9164FFC27D0F57500034102 /* Debug */ = {
			isa = XCBuildConfiguration;
			buildSettings = {
				ASSETCATALOG_COMPILER_APPICON_NAME = AppIcon;
				ASSETCATALOG_COMPILER_GLOBAL_ACCENT_COLOR_NAME = AccentColor;
				CODE_SIGN_IDENTITY = "Apple Development";
				CODE_SIGN_STYLE = Automatic;
				CURRENT_PROJECT_VERSION = 1;
				DEVELOPMENT_TEAM = "";
				GENERATE_INFOPLIST_FILE = YES;
				INFOPLIST_FILE = Navigation/AppDelegate/Info.plist;
				INFOPLIST_KEY_UIApplicationSupportsIndirectInputEvents = YES;
				INFOPLIST_KEY_UILaunchStoryboardName = LaunchScreen;
				INFOPLIST_KEY_UISupportedInterfaceOrientations_iPad = "UIInterfaceOrientationPortrait UIInterfaceOrientationPortraitUpsideDown UIInterfaceOrientationLandscapeLeft UIInterfaceOrientationLandscapeRight";
				INFOPLIST_KEY_UISupportedInterfaceOrientations_iPhone = "UIInterfaceOrientationPortrait UIInterfaceOrientationLandscapeLeft UIInterfaceOrientationLandscapeRight";
				IPHONEOS_DEPLOYMENT_TARGET = 15.5;
				LD_RUNPATH_SEARCH_PATHS = (
					"$(inherited)",
					"@executable_path/Frameworks",
				);
				MARKETING_VERSION = 1.0;
				PRODUCT_BUNDLE_IDENTIFIER = "-.Navigation";
				PRODUCT_NAME = "$(TARGET_NAME)";
				PROVISIONING_PROFILE_SPECIFIER = "";
				SWIFT_EMIT_LOC_STRINGS = YES;
				SWIFT_VERSION = 5.0;
				TARGETED_DEVICE_FAMILY = 1;
			};
			name = Debug;
		};
		C9164FFD27D0F57500034102 /* Release */ = {
			isa = XCBuildConfiguration;
			buildSettings = {
				ASSETCATALOG_COMPILER_APPICON_NAME = AppIcon;
				ASSETCATALOG_COMPILER_GLOBAL_ACCENT_COLOR_NAME = AccentColor;
				CODE_SIGN_IDENTITY = "Apple Development";
				CODE_SIGN_STYLE = Automatic;
				CURRENT_PROJECT_VERSION = 1;
				DEVELOPMENT_TEAM = "";
				GENERATE_INFOPLIST_FILE = YES;
				INFOPLIST_FILE = Navigation/AppDelegate/Info.plist;
				INFOPLIST_KEY_UIApplicationSupportsIndirectInputEvents = YES;
				INFOPLIST_KEY_UILaunchStoryboardName = LaunchScreen;
				INFOPLIST_KEY_UISupportedInterfaceOrientations_iPad = "UIInterfaceOrientationPortrait UIInterfaceOrientationPortraitUpsideDown UIInterfaceOrientationLandscapeLeft UIInterfaceOrientationLandscapeRight";
				INFOPLIST_KEY_UISupportedInterfaceOrientations_iPhone = "UIInterfaceOrientationPortrait UIInterfaceOrientationLandscapeLeft UIInterfaceOrientationLandscapeRight";
				IPHONEOS_DEPLOYMENT_TARGET = 15.5;
				LD_RUNPATH_SEARCH_PATHS = (
					"$(inherited)",
					"@executable_path/Frameworks",
				);
				MARKETING_VERSION = 1.0;
				PRODUCT_BUNDLE_IDENTIFIER = "-.Navigation";
				PRODUCT_NAME = "$(TARGET_NAME)";
				PROVISIONING_PROFILE_SPECIFIER = "";
				SWIFT_EMIT_LOC_STRINGS = YES;
				SWIFT_VERSION = 5.0;
				TARGETED_DEVICE_FAMILY = 1;
			};
			name = Release;
		};
/* End XCBuildConfiguration section */

/* Begin XCConfigurationList section */
		C90E05192837B888008C554C /* Build configuration list for PBXNativeTarget "StorageService" */ = {
			isa = XCConfigurationList;
			buildConfigurations = (
				C90E05172837B888008C554C /* Debug */,
				C90E05182837B888008C554C /* Release */,
			);
			defaultConfigurationIsVisible = 0;
			defaultConfigurationName = Release;
		};
		C9164FE227D0F57400034102 /* Build configuration list for PBXProject "Navigation" */ = {
			isa = XCConfigurationList;
			buildConfigurations = (
				C9164FF927D0F57500034102 /* Debug */,
				C9164FFA27D0F57500034102 /* Release */,
			);
			defaultConfigurationIsVisible = 0;
			defaultConfigurationName = Release;
		};
		C9164FFB27D0F57500034102 /* Build configuration list for PBXNativeTarget "Navigation" */ = {
			isa = XCConfigurationList;
			buildConfigurations = (
				C9164FFC27D0F57500034102 /* Debug */,
				C9164FFD27D0F57500034102 /* Release */,
			);
			defaultConfigurationIsVisible = 0;
			defaultConfigurationName = Release;
		};
/* End XCConfigurationList section */

/* Begin XCRemoteSwiftPackageReference section */
		C98F336B287CAB030064BB87 /* XCRemoteSwiftPackageReference "youtube-ios-player-helper" */ = {
			isa = XCRemoteSwiftPackageReference;
			repositoryURL = "https://github.com/youtube/youtube-ios-player-helper.git";
			requirement = {
				kind = upToNextMajorVersion;
				minimumVersion = 1.0.0;
			};
		};
		C9ABCCF7288AB5AA00D17E00 /* XCRemoteSwiftPackageReference "firebase-ios-sdk" */ = {
			isa = XCRemoteSwiftPackageReference;
			repositoryURL = "https://github.com/firebase/firebase-ios-sdk";
			requirement = {
				kind = upToNextMajorVersion;
				minimumVersion = 9.3.0;
			};
		};
		C9CB450528A199F50021AF58 /* XCRemoteSwiftPackageReference "realm-swift" */ = {
			isa = XCRemoteSwiftPackageReference;
			repositoryURL = "https://github.com/realm/realm-swift";
			requirement = {
				kind = upToNextMajorVersion;
				minimumVersion = 10.28.4;
			};
		};
		C9DECDBE28BF5E0C00EC7A4C /* XCRemoteSwiftPackageReference "SwiftCrypto" */ = {
			isa = XCRemoteSwiftPackageReference;
			repositoryURL = "https://github.com/jernejstrasner/SwiftCrypto";
			requirement = {
				kind = upToNextMajorVersion;
				minimumVersion = 1.0.1;
			};
		};
		C9DFC23F283F3F6C00496850 /* XCRemoteSwiftPackageReference "iOSIntPackage" */ = {
			isa = XCRemoteSwiftPackageReference;
			repositoryURL = "https://github.com/TrueMax/iOSIntPackage.git";
			requirement = {
				kind = upToNextMajorVersion;
				minimumVersion = 3.2.3;
			};
		};
		C9F9C06B285E55BE005350CE /* XCRemoteSwiftPackageReference "SnapKit" */ = {
			isa = XCRemoteSwiftPackageReference;
			repositoryURL = "https://github.com/SnapKit/SnapKit.git";
			requirement = {
				kind = upToNextMinorVersion;
				minimumVersion = 5.6.0;
			};
		};
/* End XCRemoteSwiftPackageReference section */

/* Begin XCSwiftPackageProductDependency section */
		C98F336C287CAB030064BB87 /* YouTubeiOSPlayerHelper */ = {
			isa = XCSwiftPackageProductDependency;
			package = C98F336B287CAB030064BB87 /* XCRemoteSwiftPackageReference "youtube-ios-player-helper" */;
			productName = YouTubeiOSPlayerHelper;
		};
		C9ABCCF8288AB5AA00D17E00 /* FirebaseAuth */ = {
			isa = XCSwiftPackageProductDependency;
			package = C9ABCCF7288AB5AA00D17E00 /* XCRemoteSwiftPackageReference "firebase-ios-sdk" */;
			productName = FirebaseAuth;
		};
		C9CB450628A199F50021AF58 /* Realm */ = {
			isa = XCSwiftPackageProductDependency;
			package = C9CB450528A199F50021AF58 /* XCRemoteSwiftPackageReference "realm-swift" */;
			productName = Realm;
		};
		C9CB450828A199F50021AF58 /* RealmSwift */ = {
			isa = XCSwiftPackageProductDependency;
			package = C9CB450528A199F50021AF58 /* XCRemoteSwiftPackageReference "realm-swift" */;
			productName = RealmSwift;
		};
		C9DECDBF28BF5E0C00EC7A4C /* SwiftCrypto */ = {
			isa = XCSwiftPackageProductDependency;
			package = C9DECDBE28BF5E0C00EC7A4C /* XCRemoteSwiftPackageReference "SwiftCrypto" */;
			productName = SwiftCrypto;
		};
		C9DFC240283F3F6C00496850 /* iOSIntPackage */ = {
			isa = XCSwiftPackageProductDependency;
			package = C9DFC23F283F3F6C00496850 /* XCRemoteSwiftPackageReference "iOSIntPackage" */;
			productName = iOSIntPackage;
		};
		C9F9C06C285E55BE005350CE /* SnapKit */ = {
			isa = XCSwiftPackageProductDependency;
			package = C9F9C06B285E55BE005350CE /* XCRemoteSwiftPackageReference "SnapKit" */;
			productName = SnapKit;
		};
/* End XCSwiftPackageProductDependency section */

/* Begin XCVersionGroup section */
		C9B6069D28AA6F3200DA7F92 /* CoreDataModel.xcdatamodeld */ = {
			isa = XCVersionGroup;
			children = (
				C9B6069E28AA6F3200DA7F92 /* CoreDataModel.xcdatamodel */,
			);
			currentVersion = C9B6069E28AA6F3200DA7F92 /* CoreDataModel.xcdatamodel */;
			path = CoreDataModel.xcdatamodeld;
			sourceTree = "<group>";
			versionGroupType = wrapper.xcdatamodel;
		};
/* End XCVersionGroup section */
	};
	rootObject = C9164FDF27D0F57400034102 /* Project object */;
}
